// !$*UTF8*$!
{
	archiveVersion = 1;
	classes = {
	};
	objectVersion = 46;
	objects = {

/* Begin PBXBuildFile section */
		184648671AAD3FA800906C58 /* GetInvolvedViewController.m in Sources */ = {isa = PBXBuildFile; fileRef = 184648651AAD3FA800906C58 /* GetInvolvedViewController.m */; };
		184648681AAD3FA800906C58 /* GetInvolvedViewController.xib in Resources */ = {isa = PBXBuildFile; fileRef = 184648661AAD3FA800906C58 /* GetInvolvedViewController.xib */; };
		18520CA71AE4606C004A0CFD /* AddPostViewController.m in Sources */ = {isa = PBXBuildFile; fileRef = 18520CA51AE4606C004A0CFD /* AddPostViewController.m */; };
		18520CA81AE4606C004A0CFD /* AddPostViewController.xib in Resources */ = {isa = PBXBuildFile; fileRef = 18520CA61AE4606C004A0CFD /* AddPostViewController.xib */; };
		18626E391AA561F000CF3B7C /* main.m in Sources */ = {isa = PBXBuildFile; fileRef = 18626E381AA561F000CF3B7C /* main.m */; };
		18626E3C1AA561F000CF3B7C /* AppDelegate.m in Sources */ = {isa = PBXBuildFile; fileRef = 18626E3B1AA561F000CF3B7C /* AppDelegate.m */; };
		18626E3F1AA561F000CF3B7C /* BasicAtLang.xcdatamodeld in Sources */ = {isa = PBXBuildFile; fileRef = 18626E3D1AA561F000CF3B7C /* BasicAtLang.xcdatamodeld */; };
		18626E421AA561F000CF3B7C /* ViewController.m in Sources */ = {isa = PBXBuildFile; fileRef = 18626E411AA561F000CF3B7C /* ViewController.m */; };
		18626E451AA561F000CF3B7C /* Main.storyboard in Resources */ = {isa = PBXBuildFile; fileRef = 18626E431AA561F000CF3B7C /* Main.storyboard */; };
		18626E471AA561F000CF3B7C /* Images.xcassets in Resources */ = {isa = PBXBuildFile; fileRef = 18626E461AA561F000CF3B7C /* Images.xcassets */; };
		18626E4A1AA561F000CF3B7C /* LaunchScreen.xib in Resources */ = {isa = PBXBuildFile; fileRef = 18626E481AA561F000CF3B7C /* LaunchScreen.xib */; };
		18626E561AA561F000CF3B7C /* BasicAtLangTests.m in Sources */ = {isa = PBXBuildFile; fileRef = 18626E551AA561F000CF3B7C /* BasicAtLangTests.m */; };
		18626E681AA56EEF00CF3B7C /* AboutMissionViewController.m in Sources */ = {isa = PBXBuildFile; fileRef = 18626E661AA56EEF00CF3B7C /* AboutMissionViewController.m */; };
		18626E691AA56EEF00CF3B7C /* AboutMissionViewController.xib in Resources */ = {isa = PBXBuildFile; fileRef = 18626E671AA56EEF00CF3B7C /* AboutMissionViewController.xib */; };
		18626E6D1AA56F0400CF3B7C /* ScheduleViewController.m in Sources */ = {isa = PBXBuildFile; fileRef = 18626E6B1AA56F0400CF3B7C /* ScheduleViewController.m */; };
		18626E6E1AA56F0400CF3B7C /* ScheduleViewController.xib in Resources */ = {isa = PBXBuildFile; fileRef = 18626E6C1AA56F0400CF3B7C /* ScheduleViewController.xib */; };
		18626E781AA56FF300CF3B7C /* SocialMediaViewController.m in Sources */ = {isa = PBXBuildFile; fileRef = 18626E761AA56FF300CF3B7C /* SocialMediaViewController.m */; };
		18626E791AA56FF300CF3B7C /* SocialMediaViewController.xib in Resources */ = {isa = PBXBuildFile; fileRef = 18626E771AA56FF300CF3B7C /* SocialMediaViewController.xib */; };
		18626E7D1AA5701B00CF3B7C /* ListenOnlineViewController.m in Sources */ = {isa = PBXBuildFile; fileRef = 18626E7B1AA5701B00CF3B7C /* ListenOnlineViewController.m */; };
		18626E7E1AA5701B00CF3B7C /* ListenOnlineViewController.xib in Resources */ = {isa = PBXBuildFile; fileRef = 18626E7C1AA5701B00CF3B7C /* ListenOnlineViewController.xib */; };
		18626E821AA5703D00CF3B7C /* PhotosViewController.m in Sources */ = {isa = PBXBuildFile; fileRef = 18626E801AA5703D00CF3B7C /* PhotosViewController.m */; };
		18626E831AA5703D00CF3B7C /* PhotosViewController.xib in Resources */ = {isa = PBXBuildFile; fileRef = 18626E811AA5703D00CF3B7C /* PhotosViewController.xib */; };
		18626E871AA5705000CF3B7C /* BlogViewController.m in Sources */ = {isa = PBXBuildFile; fileRef = 18626E851AA5705000CF3B7C /* BlogViewController.m */; };
		18626E881AA5705000CF3B7C /* BlogViewController.xib in Resources */ = {isa = PBXBuildFile; fileRef = 18626E861AA5705000CF3B7C /* BlogViewController.xib */; };
		18626E8C1AA5706000CF3B7C /* MusicViewController.m in Sources */ = {isa = PBXBuildFile; fileRef = 18626E8A1AA5706000CF3B7C /* MusicViewController.m */; };
		18626E8D1AA5706000CF3B7C /* MusicViewController.xib in Resources */ = {isa = PBXBuildFile; fileRef = 18626E8B1AA5706000CF3B7C /* MusicViewController.xib */; };
		18F8C87A1AC72E7300A1E8D1 /* Twitter@2x.png in Resources */ = {isa = PBXBuildFile; fileRef = 18F8C8791AC72E7300A1E8D1 /* Twitter@2x.png */; };
		18F8C87C1AC7307100A1E8D1 /* Facebook@2x.png in Resources */ = {isa = PBXBuildFile; fileRef = 18F8C87B1AC7307100A1E8D1 /* Facebook@2x.png */; };
		18F8C87E1AC7307900A1E8D1 /* Instagram@2x.png in Resources */ = {isa = PBXBuildFile; fileRef = 18F8C87D1AC7307900A1E8D1 /* Instagram@2x.png */; };
		18F8C8801AC7308300A1E8D1 /* YouTube@2x.png in Resources */ = {isa = PBXBuildFile; fileRef = 18F8C87F1AC7308300A1E8D1 /* YouTube@2x.png */; };
/* End PBXBuildFile section */

/* Begin PBXContainerItemProxy section */
		18626E501AA561F000CF3B7C /* PBXContainerItemProxy */ = {
			isa = PBXContainerItemProxy;
			containerPortal = 18626E2B1AA561F000CF3B7C /* Project object */;
			proxyType = 1;
			remoteGlobalIDString = 18626E321AA561F000CF3B7C;
			remoteInfo = BasicAtLang;
		};
/* End PBXContainerItemProxy section */

/* Begin PBXFileReference section */
		184648641AAD3FA800906C58 /* GetInvolvedViewController.h */ = {isa = PBXFileReference; fileEncoding = 4; lastKnownFileType = sourcecode.c.h; path = GetInvolvedViewController.h; sourceTree = "<group>"; };
		184648651AAD3FA800906C58 /* GetInvolvedViewController.m */ = {isa = PBXFileReference; fileEncoding = 4; lastKnownFileType = sourcecode.c.objc; path = GetInvolvedViewController.m; sourceTree = "<group>"; };
		184648661AAD3FA800906C58 /* GetInvolvedViewController.xib */ = {isa = PBXFileReference; fileEncoding = 4; lastKnownFileType = file.xib; path = GetInvolvedViewController.xib; sourceTree = "<group>"; };
		18520CA41AE4606C004A0CFD /* AddPostViewController.h */ = {isa = PBXFileReference; fileEncoding = 4; lastKnownFileType = sourcecode.c.h; path = AddPostViewController.h; sourceTree = "<group>"; };
		18520CA51AE4606C004A0CFD /* AddPostViewController.m */ = {isa = PBXFileReference; fileEncoding = 4; lastKnownFileType = sourcecode.c.objc; path = AddPostViewController.m; sourceTree = "<group>"; };
		18520CA61AE4606C004A0CFD /* AddPostViewController.xib */ = {isa = PBXFileReference; fileEncoding = 4; lastKnownFileType = file.xib; path = AddPostViewController.xib; sourceTree = "<group>"; };
		18626E331AA561F000CF3B7C /* BasicAtLang.app */ = {isa = PBXFileReference; explicitFileType = wrapper.application; includeInIndex = 0; path = BasicAtLang.app; sourceTree = BUILT_PRODUCTS_DIR; };
		18626E371AA561F000CF3B7C /* Info.plist */ = {isa = PBXFileReference; lastKnownFileType = text.plist.xml; path = Info.plist; sourceTree = "<group>"; };
		18626E381AA561F000CF3B7C /* main.m */ = {isa = PBXFileReference; lastKnownFileType = sourcecode.c.objc; path = main.m; sourceTree = "<group>"; };
		18626E3A1AA561F000CF3B7C /* AppDelegate.h */ = {isa = PBXFileReference; lastKnownFileType = sourcecode.c.h; path = AppDelegate.h; sourceTree = "<group>"; };
		18626E3B1AA561F000CF3B7C /* AppDelegate.m */ = {isa = PBXFileReference; lastKnownFileType = sourcecode.c.objc; path = AppDelegate.m; sourceTree = "<group>"; };
		18626E3E1AA561F000CF3B7C /* BasicAtLang.xcdatamodel */ = {isa = PBXFileReference; lastKnownFileType = wrapper.xcdatamodel; path = BasicAtLang.xcdatamodel; sourceTree = "<group>"; };
		18626E401AA561F000CF3B7C /* ViewController.h */ = {isa = PBXFileReference; lastKnownFileType = sourcecode.c.h; path = ViewController.h; sourceTree = "<group>"; };
		18626E411AA561F000CF3B7C /* ViewController.m */ = {isa = PBXFileReference; lastKnownFileType = sourcecode.c.objc; path = ViewController.m; sourceTree = "<group>"; };
		18626E441AA561F000CF3B7C /* Base */ = {isa = PBXFileReference; lastKnownFileType = file.storyboard; name = Base; path = Base.lproj/Main.storyboard; sourceTree = "<group>"; };
		18626E461AA561F000CF3B7C /* Images.xcassets */ = {isa = PBXFileReference; lastKnownFileType = folder.assetcatalog; path = Images.xcassets; sourceTree = "<group>"; };
		18626E491AA561F000CF3B7C /* Base */ = {isa = PBXFileReference; lastKnownFileType = file.xib; name = Base; path = Base.lproj/LaunchScreen.xib; sourceTree = "<group>"; };
		18626E4F1AA561F000CF3B7C /* BasicAtLangTests.xctest */ = {isa = PBXFileReference; explicitFileType = wrapper.cfbundle; includeInIndex = 0; path = BasicAtLangTests.xctest; sourceTree = BUILT_PRODUCTS_DIR; };
		18626E541AA561F000CF3B7C /* Info.plist */ = {isa = PBXFileReference; lastKnownFileType = text.plist.xml; path = Info.plist; sourceTree = "<group>"; };
		18626E551AA561F000CF3B7C /* BasicAtLangTests.m */ = {isa = PBXFileReference; lastKnownFileType = sourcecode.c.objc; path = BasicAtLangTests.m; sourceTree = "<group>"; };
		18626E651AA56EEF00CF3B7C /* AboutMissionViewController.h */ = {isa = PBXFileReference; fileEncoding = 4; lastKnownFileType = sourcecode.c.h; path = AboutMissionViewController.h; sourceTree = "<group>"; };
		18626E661AA56EEF00CF3B7C /* AboutMissionViewController.m */ = {isa = PBXFileReference; fileEncoding = 4; lastKnownFileType = sourcecode.c.objc; path = AboutMissionViewController.m; sourceTree = "<group>"; };
		18626E671AA56EEF00CF3B7C /* AboutMissionViewController.xib */ = {isa = PBXFileReference; fileEncoding = 4; lastKnownFileType = file.xib; path = AboutMissionViewController.xib; sourceTree = "<group>"; };
		18626E6A1AA56F0400CF3B7C /* ScheduleViewController.h */ = {isa = PBXFileReference; fileEncoding = 4; lastKnownFileType = sourcecode.c.h; path = ScheduleViewController.h; sourceTree = "<group>"; };
		18626E6B1AA56F0400CF3B7C /* ScheduleViewController.m */ = {isa = PBXFileReference; fileEncoding = 4; lastKnownFileType = sourcecode.c.objc; path = ScheduleViewController.m; sourceTree = "<group>"; };
		18626E6C1AA56F0400CF3B7C /* ScheduleViewController.xib */ = {isa = PBXFileReference; fileEncoding = 4; lastKnownFileType = file.xib; path = ScheduleViewController.xib; sourceTree = "<group>"; };
		18626E751AA56FF300CF3B7C /* SocialMediaViewController.h */ = {isa = PBXFileReference; fileEncoding = 4; lastKnownFileType = sourcecode.c.h; path = SocialMediaViewController.h; sourceTree = "<group>"; };
		18626E761AA56FF300CF3B7C /* SocialMediaViewController.m */ = {isa = PBXFileReference; fileEncoding = 4; lastKnownFileType = sourcecode.c.objc; path = SocialMediaViewController.m; sourceTree = "<group>"; };
		18626E771AA56FF300CF3B7C /* SocialMediaViewController.xib */ = {isa = PBXFileReference; fileEncoding = 4; lastKnownFileType = file.xib; path = SocialMediaViewController.xib; sourceTree = "<group>"; };
		18626E7A1AA5701B00CF3B7C /* ListenOnlineViewController.h */ = {isa = PBXFileReference; fileEncoding = 4; lastKnownFileType = sourcecode.c.h; path = ListenOnlineViewController.h; sourceTree = "<group>"; };
		18626E7B1AA5701B00CF3B7C /* ListenOnlineViewController.m */ = {isa = PBXFileReference; fileEncoding = 4; lastKnownFileType = sourcecode.c.objc; path = ListenOnlineViewController.m; sourceTree = "<group>"; };
		18626E7C1AA5701B00CF3B7C /* ListenOnlineViewController.xib */ = {isa = PBXFileReference; fileEncoding = 4; lastKnownFileType = file.xib; path = ListenOnlineViewController.xib; sourceTree = "<group>"; };
		18626E7F1AA5703D00CF3B7C /* PhotosViewController.h */ = {isa = PBXFileReference; fileEncoding = 4; lastKnownFileType = sourcecode.c.h; path = PhotosViewController.h; sourceTree = "<group>"; };
		18626E801AA5703D00CF3B7C /* PhotosViewController.m */ = {isa = PBXFileReference; fileEncoding = 4; lastKnownFileType = sourcecode.c.objc; path = PhotosViewController.m; sourceTree = "<group>"; };
		18626E811AA5703D00CF3B7C /* PhotosViewController.xib */ = {isa = PBXFileReference; fileEncoding = 4; lastKnownFileType = file.xib; path = PhotosViewController.xib; sourceTree = "<group>"; };
		18626E841AA5705000CF3B7C /* BlogViewController.h */ = {isa = PBXFileReference; fileEncoding = 4; lastKnownFileType = sourcecode.c.h; path = BlogViewController.h; sourceTree = "<group>"; };
		18626E851AA5705000CF3B7C /* BlogViewController.m */ = {isa = PBXFileReference; fileEncoding = 4; lastKnownFileType = sourcecode.c.objc; path = BlogViewController.m; sourceTree = "<group>"; };
		18626E861AA5705000CF3B7C /* BlogViewController.xib */ = {isa = PBXFileReference; fileEncoding = 4; lastKnownFileType = file.xib; path = BlogViewController.xib; sourceTree = "<group>"; };
		18626E891AA5706000CF3B7C /* MusicViewController.h */ = {isa = PBXFileReference; fileEncoding = 4; lastKnownFileType = sourcecode.c.h; path = MusicViewController.h; sourceTree = "<group>"; };
		18626E8A1AA5706000CF3B7C /* MusicViewController.m */ = {isa = PBXFileReference; fileEncoding = 4; lastKnownFileType = sourcecode.c.objc; path = MusicViewController.m; sourceTree = "<group>"; };
		18626E8B1AA5706000CF3B7C /* MusicViewController.xib */ = {isa = PBXFileReference; fileEncoding = 4; lastKnownFileType = file.xib; path = MusicViewController.xib; sourceTree = "<group>"; };
		18F8C8791AC72E7300A1E8D1 /* Twitter@2x.png */ = {isa = PBXFileReference; lastKnownFileType = image.png; name = "Twitter@2x.png"; path = "Images.xcassets/Twitter@2x.png"; sourceTree = "<group>"; };
		18F8C87B1AC7307100A1E8D1 /* Facebook@2x.png */ = {isa = PBXFileReference; lastKnownFileType = image.png; name = "Facebook@2x.png"; path = "Images.xcassets/Facebook@2x.png"; sourceTree = "<group>"; };
		18F8C87D1AC7307900A1E8D1 /* Instagram@2x.png */ = {isa = PBXFileReference; lastKnownFileType = image.png; name = "Instagram@2x.png"; path = "Images.xcassets/Instagram@2x.png"; sourceTree = "<group>"; };
		18F8C87F1AC7308300A1E8D1 /* YouTube@2x.png */ = {isa = PBXFileReference; lastKnownFileType = image.png; name = "YouTube@2x.png"; path = "Images.xcassets/YouTube@2x.png"; sourceTree = "<group>"; };
/* End PBXFileReference section */

/* Begin PBXFrameworksBuildPhase section */
		18626E301AA561F000CF3B7C /* Frameworks */ = {
			isa = PBXFrameworksBuildPhase;
			buildActionMask = 2147483647;
			files = (
			);
			runOnlyForDeploymentPostprocessing = 0;
		};
		18626E4C1AA561F000CF3B7C /* Frameworks */ = {
			isa = PBXFrameworksBuildPhase;
			buildActionMask = 2147483647;
			files = (
			);
			runOnlyForDeploymentPostprocessing = 0;
		};
/* End PBXFrameworksBuildPhase section */

/* Begin PBXGroup section */
		184648691AAD3FB100906C58 /* GetInvolved */ = {
			isa = PBXGroup;
			children = (
				184648661AAD3FA800906C58 /* GetInvolvedViewController.xib */,
				184648651AAD3FA800906C58 /* GetInvolvedViewController.m */,
				184648641AAD3FA800906C58 /* GetInvolvedViewController.h */,
			);
			name = GetInvolved;
			sourceTree = "<group>";
		};
		18520CA31AE4602F004A0CFD /* AddPostViewController */ = {
			isa = PBXGroup;
			children = (
				18520CA41AE4606C004A0CFD /* AddPostViewController.h */,
				18520CA51AE4606C004A0CFD /* AddPostViewController.m */,
				18520CA61AE4606C004A0CFD /* AddPostViewController.xib */,
			);
			name = AddPostViewController;
			sourceTree = "<group>";
		};
		18626E2A1AA561F000CF3B7C = {
			isa = PBXGroup;
			children = (
				18626E351AA561F000CF3B7C /* BasicAtLang */,
				18626E521AA561F000CF3B7C /* BasicAtLangTests */,
				18626E341AA561F000CF3B7C /* Products */,
			);
			sourceTree = "<group>";
		};
		18626E341AA561F000CF3B7C /* Products */ = {
			isa = PBXGroup;
			children = (
				18626E331AA561F000CF3B7C /* BasicAtLang.app */,
				18626E4F1AA561F000CF3B7C /* BasicAtLangTests.xctest */,
			);
			name = Products;
			sourceTree = "<group>";
		};
		18626E351AA561F000CF3B7C /* BasicAtLang */ = {
			isa = PBXGroup;
			children = (
				18626E3A1AA561F000CF3B7C /* AppDelegate.h */,
				18626E3B1AA561F000CF3B7C /* AppDelegate.m */,
				18626E401AA561F000CF3B7C /* ViewController.h */,
				18626E411AA561F000CF3B7C /* ViewController.m */,
				18626E431AA561F000CF3B7C /* Main.storyboard */,
				184648691AAD3FB100906C58 /* GetInvolved */,
				18626E741AA56F8C00CF3B7C /* Music */,
				18626E731AA56F8000CF3B7C /* Blog */,
				18626E721AA56F7200CF3B7C /* Photos */,
				18626E711AA56F5500CF3B7C /* ListenOnlineTeachings */,
				18626E701AA56F3E00CF3B7C /* SocialMedia */,
				18626E6F1AA56F0F00CF3B7C /* Schedule */,
				18626E641AA56EAE00CF3B7C /* About/Mission */,
				18520CA31AE4602F004A0CFD /* AddPostViewController */,
				18626E461AA561F000CF3B7C /* Images.xcassets */,
				18F8C87F1AC7308300A1E8D1 /* YouTube@2x.png */,
				18F8C87D1AC7307900A1E8D1 /* Instagram@2x.png */,
				18F8C87B1AC7307100A1E8D1 /* Facebook@2x.png */,
				18F8C8791AC72E7300A1E8D1 /* Twitter@2x.png */,
				18626E481AA561F000CF3B7C /* LaunchScreen.xib */,
				18626E3D1AA561F000CF3B7C /* BasicAtLang.xcdatamodeld */,
				18626E361AA561F000CF3B7C /* Supporting Files */,
			);
			path = BasicAtLang;
			sourceTree = "<group>";
		};
		18626E361AA561F000CF3B7C /* Supporting Files */ = {
			isa = PBXGroup;
			children = (
				18626E371AA561F000CF3B7C /* Info.plist */,
				18626E381AA561F000CF3B7C /* main.m */,
			);
			name = "Supporting Files";
			sourceTree = "<group>";
		};
		18626E521AA561F000CF3B7C /* BasicAtLangTests */ = {
			isa = PBXGroup;
			children = (
				18626E551AA561F000CF3B7C /* BasicAtLangTests.m */,
				18626E531AA561F000CF3B7C /* Supporting Files */,
			);
			path = BasicAtLangTests;
			sourceTree = "<group>";
		};
		18626E531AA561F000CF3B7C /* Supporting Files */ = {
			isa = PBXGroup;
			children = (
				18626E541AA561F000CF3B7C /* Info.plist */,
			);
			name = "Supporting Files";
			sourceTree = "<group>";
		};
		18626E641AA56EAE00CF3B7C /* About/Mission */ = {
			isa = PBXGroup;
			children = (
				18626E651AA56EEF00CF3B7C /* AboutMissionViewController.h */,
				18626E661AA56EEF00CF3B7C /* AboutMissionViewController.m */,
				18626E671AA56EEF00CF3B7C /* AboutMissionViewController.xib */,
			);
			name = About/Mission;
			sourceTree = "<group>";
		};
		18626E6F1AA56F0F00CF3B7C /* Schedule */ = {
			isa = PBXGroup;
			children = (
				18626E6A1AA56F0400CF3B7C /* ScheduleViewController.h */,
				18626E6B1AA56F0400CF3B7C /* ScheduleViewController.m */,
				18626E6C1AA56F0400CF3B7C /* ScheduleViewController.xib */,
			);
			name = Schedule;
			path = ..;
			sourceTree = "<group>";
		};
		18626E701AA56F3E00CF3B7C /* SocialMedia */ = {
			isa = PBXGroup;
			children = (
				18626E751AA56FF300CF3B7C /* SocialMediaViewController.h */,
				18626E761AA56FF300CF3B7C /* SocialMediaViewController.m */,
				18626E771AA56FF300CF3B7C /* SocialMediaViewController.xib */,
			);
			name = SocialMedia;
			sourceTree = "<group>";
		};
		18626E711AA56F5500CF3B7C /* ListenOnlineTeachings */ = {
			isa = PBXGroup;
			children = (
				18626E7A1AA5701B00CF3B7C /* ListenOnlineViewController.h */,
				18626E7B1AA5701B00CF3B7C /* ListenOnlineViewController.m */,
				18626E7C1AA5701B00CF3B7C /* ListenOnlineViewController.xib */,
			);
			name = ListenOnlineTeachings;
			sourceTree = "<group>";
		};
		18626E721AA56F7200CF3B7C /* Photos */ = {
			isa = PBXGroup;
			children = (
				18626E7F1AA5703D00CF3B7C /* PhotosViewController.h */,
				18626E801AA5703D00CF3B7C /* PhotosViewController.m */,
				18626E811AA5703D00CF3B7C /* PhotosViewController.xib */,
			);
			name = Photos;
			sourceTree = "<group>";
		};
		18626E731AA56F8000CF3B7C /* Blog */ = {
			isa = PBXGroup;
			children = (
				18626E841AA5705000CF3B7C /* BlogViewController.h */,
				18626E851AA5705000CF3B7C /* BlogViewController.m */,
				18626E861AA5705000CF3B7C /* BlogViewController.xib */,
			);
			name = Blog;
			sourceTree = "<group>";
		};
		18626E741AA56F8C00CF3B7C /* Music */ = {
			isa = PBXGroup;
			children = (
				18626E891AA5706000CF3B7C /* MusicViewController.h */,
				18626E8A1AA5706000CF3B7C /* MusicViewController.m */,
				18626E8B1AA5706000CF3B7C /* MusicViewController.xib */,
			);
			name = Music;
			sourceTree = "<group>";
		};
/* End PBXGroup section */

/* Begin PBXNativeTarget section */
		18626E321AA561F000CF3B7C /* BasicAtLang */ = {
			isa = PBXNativeTarget;
			buildConfigurationList = 18626E591AA561F000CF3B7C /* Build configuration list for PBXNativeTarget "BasicAtLang" */;
			buildPhases = (
				18626E2F1AA561F000CF3B7C /* Sources */,
				18626E301AA561F000CF3B7C /* Frameworks */,
				18626E311AA561F000CF3B7C /* Resources */,
			);
			buildRules = (
			);
			dependencies = (
			);
			name = BasicAtLang;
			productName = BasicAtLang;
			productReference = 18626E331AA561F000CF3B7C /* BasicAtLang.app */;
			productType = "com.apple.product-type.application";
		};
		18626E4E1AA561F000CF3B7C /* BasicAtLangTests */ = {
			isa = PBXNativeTarget;
			buildConfigurationList = 18626E5C1AA561F000CF3B7C /* Build configuration list for PBXNativeTarget "BasicAtLangTests" */;
			buildPhases = (
				18626E4B1AA561F000CF3B7C /* Sources */,
				18626E4C1AA561F000CF3B7C /* Frameworks */,
				18626E4D1AA561F000CF3B7C /* Resources */,
			);
			buildRules = (
			);
			dependencies = (
				18626E511AA561F000CF3B7C /* PBXTargetDependency */,
			);
			name = BasicAtLangTests;
			productName = BasicAtLangTests;
			productReference = 18626E4F1AA561F000CF3B7C /* BasicAtLangTests.xctest */;
			productType = "com.apple.product-type.bundle.unit-test";
		};
/* End PBXNativeTarget section */

/* Begin PBXProject section */
		18626E2B1AA561F000CF3B7C /* Project object */ = {
			isa = PBXProject;
			attributes = {
				LastUpgradeCheck = 0610;
				ORGANIZATIONNAME = EthanWestering;
				TargetAttributes = {
					18626E321AA561F000CF3B7C = {
						CreatedOnToolsVersion = 6.1.1;
					};
					18626E4E1AA561F000CF3B7C = {
						CreatedOnToolsVersion = 6.1.1;
						TestTargetID = 18626E321AA561F000CF3B7C;
					};
				};
			};
			buildConfigurationList = 18626E2E1AA561F000CF3B7C /* Build configuration list for PBXProject "BasicAtLang" */;
			compatibilityVersion = "Xcode 3.2";
			developmentRegion = English;
			hasScannedForEncodings = 0;
			knownRegions = (
				en,
				Base,
			);
			mainGroup = 18626E2A1AA561F000CF3B7C;
			productRefGroup = 18626E341AA561F000CF3B7C /* Products */;
			projectDirPath = "";
			projectRoot = "";
			targets = (
				18626E321AA561F000CF3B7C /* BasicAtLang */,
				18626E4E1AA561F000CF3B7C /* BasicAtLangTests */,
			);
		};
/* End PBXProject section */

/* Begin PBXResourcesBuildPhase section */
		18626E311AA561F000CF3B7C /* Resources */ = {
			isa = PBXResourcesBuildPhase;
			buildActionMask = 2147483647;
			files = (
				18F8C87C1AC7307100A1E8D1 /* Facebook@2x.png in Resources */,
				18626E451AA561F000CF3B7C /* Main.storyboard in Resources */,
				18626E7E1AA5701B00CF3B7C /* ListenOnlineViewController.xib in Resources */,
				18626E8D1AA5706000CF3B7C /* MusicViewController.xib in Resources */,
				18626E4A1AA561F000CF3B7C /* LaunchScreen.xib in Resources */,
				18626E881AA5705000CF3B7C /* BlogViewController.xib in Resources */,
				18626E6E1AA56F0400CF3B7C /* ScheduleViewController.xib in Resources */,
				18F8C87A1AC72E7300A1E8D1 /* Twitter@2x.png in Resources */,
				18520CA81AE4606C004A0CFD /* AddPostViewController.xib in Resources */,
				18626E471AA561F000CF3B7C /* Images.xcassets in Resources */,
				18F8C87E1AC7307900A1E8D1 /* Instagram@2x.png in Resources */,
				184648681AAD3FA800906C58 /* GetInvolvedViewController.xib in Resources */,
				18626E831AA5703D00CF3B7C /* PhotosViewController.xib in Resources */,
				18F8C8801AC7308300A1E8D1 /* YouTube@2x.png in Resources */,
				18626E791AA56FF300CF3B7C /* SocialMediaViewController.xib in Resources */,
				18626E691AA56EEF00CF3B7C /* AboutMissionViewController.xib in Resources */,
			);
			runOnlyForDeploymentPostprocessing = 0;
		};
		18626E4D1AA561F000CF3B7C /* Resources */ = {
			isa = PBXResourcesBuildPhase;
			buildActionMask = 2147483647;
			files = (
			);
			runOnlyForDeploymentPostprocessing = 0;
		};
/* End PBXResourcesBuildPhase section */

/* Begin PBXSourcesBuildPhase section */
		18626E2F1AA561F000CF3B7C /* Sources */ = {
			isa = PBXSourcesBuildPhase;
			buildActionMask = 2147483647;
			files = (
				18626E3C1AA561F000CF3B7C /* AppDelegate.m in Sources */,
				18626E781AA56FF300CF3B7C /* SocialMediaViewController.m in Sources */,
				18626E871AA5705000CF3B7C /* BlogViewController.m in Sources */,
				18626E7D1AA5701B00CF3B7C /* ListenOnlineViewController.m in Sources */,
				184648671AAD3FA800906C58 /* GetInvolvedViewController.m in Sources */,
				18626E6D1AA56F0400CF3B7C /* ScheduleViewController.m in Sources */,
				18520CA71AE4606C004A0CFD /* AddPostViewController.m in Sources */,
				18626E681AA56EEF00CF3B7C /* AboutMissionViewController.m in Sources */,
				18626E391AA561F000CF3B7C /* main.m in Sources */,
				18626E421AA561F000CF3B7C /* ViewController.m in Sources */,
				18626E8C1AA5706000CF3B7C /* MusicViewController.m in Sources */,
				18626E821AA5703D00CF3B7C /* PhotosViewController.m in Sources */,
				18626E3F1AA561F000CF3B7C /* BasicAtLang.xcdatamodeld in Sources */,
			);
			runOnlyForDeploymentPostprocessing = 0;
		};
		18626E4B1AA561F000CF3B7C /* Sources */ = {
			isa = PBXSourcesBuildPhase;
			buildActionMask = 2147483647;
			files = (
				18626E561AA561F000CF3B7C /* BasicAtLangTests.m in Sources */,
			);
			runOnlyForDeploymentPostprocessing = 0;
		};
/* End PBXSourcesBuildPhase section */

/* Begin PBXTargetDependency section */
		18626E511AA561F000CF3B7C /* PBXTargetDependency */ = {
			isa = PBXTargetDependency;
			target = 18626E321AA561F000CF3B7C /* BasicAtLang */;
			targetProxy = 18626E501AA561F000CF3B7C /* PBXContainerItemProxy */;
		};
/* End PBXTargetDependency section */

/* Begin PBXVariantGroup section */
		18626E431AA561F000CF3B7C /* Main.storyboard */ = {
			isa = PBXVariantGroup;
			children = (
				18626E441AA561F000CF3B7C /* Base */,
			);
			name = Main.storyboard;
			sourceTree = "<group>";
		};
		18626E481AA561F000CF3B7C /* LaunchScreen.xib */ = {
			isa = PBXVariantGroup;
			children = (
				18626E491AA561F000CF3B7C /* Base */,
			);
			name = LaunchScreen.xib;
			sourceTree = "<group>";
		};
/* End PBXVariantGroup section */

/* Begin XCBuildConfiguration section */
		18626E571AA561F000CF3B7C /* Debug */ = {
			isa = XCBuildConfiguration;
			buildSettings = {
				ALWAYS_SEARCH_USER_PATHS = NO;
				CLANG_CXX_LANGUAGE_STANDARD = "gnu++0x";
				CLANG_CXX_LIBRARY = "libc++";
				CLANG_ENABLE_MODULES = YES;
				CLANG_ENABLE_OBJC_ARC = YES;
				CLANG_WARN_BOOL_CONVERSION = YES;
				CLANG_WARN_CONSTANT_CONVERSION = YES;
				CLANG_WARN_DIRECT_OBJC_ISA_USAGE = YES_ERROR;
				CLANG_WARN_EMPTY_BODY = YES;
				CLANG_WARN_ENUM_CONVERSION = YES;
				CLANG_WARN_INT_CONVERSION = YES;
				CLANG_WARN_OBJC_ROOT_CLASS = YES_ERROR;
				CLANG_WARN_UNREACHABLE_CODE = YES;
				CLANG_WARN__DUPLICATE_METHOD_MATCH = YES;
				"CODE_SIGN_IDENTITY[sdk=iphoneos*]" = "iPhone Developer";
				COPY_PHASE_STRIP = NO;
				ENABLE_STRICT_OBJC_MSGSEND = YES;
				GCC_C_LANGUAGE_STANDARD = gnu99;
				GCC_DYNAMIC_NO_PIC = NO;
				GCC_OPTIMIZATION_LEVEL = 0;
				GCC_PREPROCESSOR_DEFINITIONS = (
					"DEBUG=1",
					"$(inherited)",
				);
				GCC_SYMBOLS_PRIVATE_EXTERN = NO;
				GCC_WARN_64_TO_32_BIT_CONVERSION = YES;
				GCC_WARN_ABOUT_RETURN_TYPE = YES_ERROR;
				GCC_WARN_UNDECLARED_SELECTOR = YES;
				GCC_WARN_UNINITIALIZED_AUTOS = YES_AGGRESSIVE;
				GCC_WARN_UNUSED_FUNCTION = YES;
				GCC_WARN_UNUSED_VARIABLE = YES;
				IPHONEOS_DEPLOYMENT_TARGET = 8.1;
				MTL_ENABLE_DEBUG_INFO = YES;
				ONLY_ACTIVE_ARCH = YES;
				SDKROOT = iphoneos;
			};
			name = Debug;
		};
		18626E581AA561F000CF3B7C /* Release */ = {
			isa = XCBuildConfiguration;
			buildSettings = {
				ALWAYS_SEARCH_USER_PATHS = NO;
				CLANG_CXX_LANGUAGE_STANDARD = "gnu++0x";
				CLANG_CXX_LIBRARY = "libc++";
				CLANG_ENABLE_MODULES = YES;
				CLANG_ENABLE_OBJC_ARC = YES;
				CLANG_WARN_BOOL_CONVERSION = YES;
				CLANG_WARN_CONSTANT_CONVERSION = YES;
				CLANG_WARN_DIRECT_OBJC_ISA_USAGE = YES_ERROR;
				CLANG_WARN_EMPTY_BODY = YES;
				CLANG_WARN_ENUM_CONVERSION = YES;
				CLANG_WARN_INT_CONVERSION = YES;
				CLANG_WARN_OBJC_ROOT_CLASS = YES_ERROR;
				CLANG_WARN_UNREACHABLE_CODE = YES;
				CLANG_WARN__DUPLICATE_METHOD_MATCH = YES;
				"CODE_SIGN_IDENTITY[sdk=iphoneos*]" = "iPhone Developer";
				COPY_PHASE_STRIP = YES;
				ENABLE_NS_ASSERTIONS = NO;
				ENABLE_STRICT_OBJC_MSGSEND = YES;
				GCC_C_LANGUAGE_STANDARD = gnu99;
				GCC_WARN_64_TO_32_BIT_CONVERSION = YES;
				GCC_WARN_ABOUT_RETURN_TYPE = YES_ERROR;
				GCC_WARN_UNDECLARED_SELECTOR = YES;
				GCC_WARN_UNINITIALIZED_AUTOS = YES_AGGRESSIVE;
				GCC_WARN_UNUSED_FUNCTION = YES;
				GCC_WARN_UNUSED_VARIABLE = YES;
				IPHONEOS_DEPLOYMENT_TARGET = 8.1;
				MTL_ENABLE_DEBUG_INFO = NO;
				SDKROOT = iphoneos;
				VALIDATE_PRODUCT = YES;
			};
			name = Release;
		};
		18626E5A1AA561F000CF3B7C /* Debug */ = {
			isa = XCBuildConfiguration;
			buildSettings = {
				ASSETCATALOG_COMPILER_APPICON_NAME = AppIcon;
				INFOPLIST_FILE = BasicAtLang/Info.plist;
				LD_RUNPATH_SEARCH_PATHS = "$(inherited) @executable_path/Frameworks";
				PRODUCT_NAME = "$(TARGET_NAME)";
			};
			name = Debug;
		};
		18626E5B1AA561F000CF3B7C /* Release */ = {
			isa = XCBuildConfiguration;
			buildSettings = {
				ASSETCATALOG_COMPILER_APPICON_NAME = AppIcon;
				INFOPLIST_FILE = BasicAtLang/Info.plist;
				LD_RUNPATH_SEARCH_PATHS = "$(inherited) @executable_path/Frameworks";
				PRODUCT_NAME = "$(TARGET_NAME)";
			};
			name = Release;
		};
		18626E5D1AA561F000CF3B7C /* Debug */ = {
			isa = XCBuildConfiguration;
			buildSettings = {
				BUNDLE_LOADER = "$(TEST_HOST)";
				FRAMEWORK_SEARCH_PATHS = (
					"$(SDKROOT)/Developer/Library/Frameworks",
					"$(inherited)",
				);
				GCC_PREPROCESSOR_DEFINITIONS = (
					"DEBUG=1",
					"$(inherited)",
				);
				INFOPLIST_FILE = BasicAtLangTests/Info.plist;
				LD_RUNPATH_SEARCH_PATHS = "$(inherited) @executable_path/Frameworks @loader_path/Frameworks";
				PRODUCT_NAME = "$(TARGET_NAME)";
				TEST_HOST = "$(BUILT_PRODUCTS_DIR)/BasicAtLang.app/BasicAtLang";
			};
			name = Debug;
		};
		18626E5E1AA561F000CF3B7C /* Release */ = {
			isa = XCBuildConfiguration;
			buildSettings = {
				BUNDLE_LOADER = "$(TEST_HOST)";
				FRAMEWORK_SEARCH_PATHS = (
					"$(SDKROOT)/Developer/Library/Frameworks",
					"$(inherited)",
				);
				INFOPLIST_FILE = BasicAtLangTests/Info.plist;
				LD_RUNPATH_SEARCH_PATHS = "$(inherited) @executable_path/Frameworks @loader_path/Frameworks";
				PRODUCT_NAME = "$(TARGET_NAME)";
				TEST_HOST = "$(BUILT_PRODUCTS_DIR)/BasicAtLang.app/BasicAtLang";
			};
			name = Release;
		};
/* End XCBuildConfiguration section */

/* Begin XCConfigurationList section */
		18626E2E1AA561F000CF3B7C /* Build configuration list for PBXProject "BasicAtLang" */ = {
			isa = XCConfigurationList;
			buildConfigurations = (
				18626E571AA561F000CF3B7C /* Debug */,
				18626E581AA561F000CF3B7C /* Release */,
			);
			defaultConfigurationIsVisible = 0;
			defaultConfigurationName = Release;
		};
		18626E591AA561F000CF3B7C /* Build configuration list for PBXNativeTarget "BasicAtLang" */ = {
			isa = XCConfigurationList;
			buildConfigurations = (
				18626E5A1AA561F000CF3B7C /* Debug */,
				18626E5B1AA561F000CF3B7C /* Release */,
			);
			defaultConfigurationIsVisible = 0;
			defaultConfigurationName = Release;
		};
		18626E5C1AA561F000CF3B7C /* Build configuration list for PBXNativeTarget "BasicAtLangTests" */ = {
			isa = XCConfigurationList;
			buildConfigurations = (
				18626E5D1AA561F000CF3B7C /* Debug */,
				18626E5E1AA561F000CF3B7C /* Release */,
			);
			defaultConfigurationIsVisible = 0;
			defaultConfigurationName = Release;
		};
/* End XCConfigurationList section */

/* Begin XCVersionGroup section */
		18626E3D1AA561F000CF3B7C /* BasicAtLang.xcdatamodeld */ = {
			isa = XCVersionGroup;
			children = (
				18626E3E1AA561F000CF3B7C /* BasicAtLang.xcdatamodel */,
			);
			currentVersion = 18626E3E1AA561F000CF3B7C /* BasicAtLang.xcdatamodel */;
			path = BasicAtLang.xcdatamodeld;
			sourceTree = "<group>";
			versionGroupType = wrapper.xcdatamodel;
		};
/* End XCVersionGroup section */
	};
	rootObject = 18626E2B1AA561F000CF3B7C /* Project object */;
}
