// !$*UTF8*$!
{
	archiveVersion = 1;
	classes = {
	};
	objectVersion = 46;
	objects = {

/* Begin PBXBuildFile section */
		184648671AAD3FA800906C58 /* GetInvolvedViewController.m in Sources */ = {isa = PBXBuildFile; fileRef = 184648651AAD3FA800906C58 /* GetInvolvedViewController.m */; };
		184648681AAD3FA800906C58 /* GetInvolvedViewController.xib in Resources */ = {isa = PBXBuildFile; fileRef = 184648661AAD3FA800906C58 /* GetInvolvedViewController.xib */; };
		1851721C1AF1EF3E00DB8163 /* LinkSocialMediaViewController.m in Sources */ = {isa = PBXBuildFile; fileRef = 1851721A1AF1EF3E00DB8163 /* LinkSocialMediaViewController.m */; };
		1851721D1AF1EF3E00DB8163 /* LinkSocialMediaViewController.xib in Resources */ = {isa = PBXBuildFile; fileRef = 1851721B1AF1EF3E00DB8163 /* LinkSocialMediaViewController.xib */; };
		18520CA71AE4606C004A0CFD /* AddPostViewController.m in Sources */ = {isa = PBXBuildFile; fileRef = 18520CA51AE4606C004A0CFD /* AddPostViewController.m */; };
		18520CA81AE4606C004A0CFD /* AddPostViewController.xib in Resources */ = {isa = PBXBuildFile; fileRef = 18520CA61AE4606C004A0CFD /* AddPostViewController.xib */; };
		185BFECC1AEB50230080007F /* 1.jpg in Resources */ = {isa = PBXBuildFile; fileRef = 185BFE7C1AEB50230080007F /* 1.jpg */; };
		185BFECD1AEB50230080007F /* 2.jpg in Resources */ = {isa = PBXBuildFile; fileRef = 185BFE7D1AEB50230080007F /* 2.jpg */; };
		185BFECE1AEB50230080007F /* 3.jpg in Resources */ = {isa = PBXBuildFile; fileRef = 185BFE7E1AEB50230080007F /* 3.jpg */; };
		185BFECF1AEB50230080007F /* 4.jpg in Resources */ = {isa = PBXBuildFile; fileRef = 185BFE7F1AEB50230080007F /* 4.jpg */; };
		185BFED01AEB50230080007F /* 5.jpg in Resources */ = {isa = PBXBuildFile; fileRef = 185BFE801AEB50230080007F /* 5.jpg */; };
		185BFED11AEB50230080007F /* 6.jpg in Resources */ = {isa = PBXBuildFile; fileRef = 185BFE811AEB50230080007F /* 6.jpg */; };
		185BFED21AEB50230080007F /* 7.jpg in Resources */ = {isa = PBXBuildFile; fileRef = 185BFE821AEB50230080007F /* 7.jpg */; };
		185BFED31AEB50230080007F /* 8.jpg in Resources */ = {isa = PBXBuildFile; fileRef = 185BFE831AEB50230080007F /* 8.jpg */; };
		185BFED41AEB50230080007F /* 9.jpg in Resources */ = {isa = PBXBuildFile; fileRef = 185BFE841AEB50230080007F /* 9.jpg */; };
		185BFED51AEB50230080007F /* 10.jpg in Resources */ = {isa = PBXBuildFile; fileRef = 185BFE851AEB50230080007F /* 10.jpg */; };
		185BFED61AEB50230080007F /* 11.jpg in Resources */ = {isa = PBXBuildFile; fileRef = 185BFE861AEB50230080007F /* 11.jpg */; };
		185BFED71AEB50230080007F /* 12.jpg in Resources */ = {isa = PBXBuildFile; fileRef = 185BFE871AEB50230080007F /* 12.jpg */; };
		185BFED81AEB50230080007F /* 13.jpg in Resources */ = {isa = PBXBuildFile; fileRef = 185BFE881AEB50230080007F /* 13.jpg */; };
		185BFED91AEB50230080007F /* 14.jpg in Resources */ = {isa = PBXBuildFile; fileRef = 185BFE891AEB50230080007F /* 14.jpg */; };
		185BFEDA1AEB50230080007F /* 15.jpg in Resources */ = {isa = PBXBuildFile; fileRef = 185BFE8A1AEB50230080007F /* 15.jpg */; };
		185BFEDB1AEB50230080007F /* 16.jpg in Resources */ = {isa = PBXBuildFile; fileRef = 185BFE8B1AEB50230080007F /* 16.jpg */; };
		185BFEDC1AEB50230080007F /* 17.jpg in Resources */ = {isa = PBXBuildFile; fileRef = 185BFE8C1AEB50230080007F /* 17.jpg */; };
		185BFEDD1AEB50230080007F /* 18.jpg in Resources */ = {isa = PBXBuildFile; fileRef = 185BFE8D1AEB50230080007F /* 18.jpg */; };
		185BFEDE1AEB50230080007F /* 19.jpg in Resources */ = {isa = PBXBuildFile; fileRef = 185BFE8E1AEB50230080007F /* 19.jpg */; };
		185BFEDF1AEB50230080007F /* 20.jpg in Resources */ = {isa = PBXBuildFile; fileRef = 185BFE8F1AEB50230080007F /* 20.jpg */; };
		185BFEE01AEB50230080007F /* 21.jpg in Resources */ = {isa = PBXBuildFile; fileRef = 185BFE901AEB50230080007F /* 21.jpg */; };
		185BFEE11AEB50230080007F /* 22.jpg in Resources */ = {isa = PBXBuildFile; fileRef = 185BFE911AEB50230080007F /* 22.jpg */; };
		185BFEE21AEB50230080007F /* 23.jpg in Resources */ = {isa = PBXBuildFile; fileRef = 185BFE921AEB50230080007F /* 23.jpg */; };
		185BFEE31AEB50230080007F /* 24.jpg in Resources */ = {isa = PBXBuildFile; fileRef = 185BFE931AEB50230080007F /* 24.jpg */; };
		185BFEE41AEB50230080007F /* 25.jpg in Resources */ = {isa = PBXBuildFile; fileRef = 185BFE941AEB50230080007F /* 25.jpg */; };
		185BFEE51AEB50230080007F /* 26.jpg in Resources */ = {isa = PBXBuildFile; fileRef = 185BFE951AEB50230080007F /* 26.jpg */; };
		185BFEE61AEB50230080007F /* 27.jpg in Resources */ = {isa = PBXBuildFile; fileRef = 185BFE961AEB50230080007F /* 27.jpg */; };
		185BFEE71AEB50230080007F /* 28.jpg in Resources */ = {isa = PBXBuildFile; fileRef = 185BFE971AEB50230080007F /* 28.jpg */; };
		185BFEE81AEB50230080007F /* 29.jpg in Resources */ = {isa = PBXBuildFile; fileRef = 185BFE981AEB50230080007F /* 29.jpg */; };
		185BFEE91AEB50230080007F /* 30.jpg in Resources */ = {isa = PBXBuildFile; fileRef = 185BFE991AEB50230080007F /* 30.jpg */; };
		185BFEEA1AEB50230080007F /* 31.jpg in Resources */ = {isa = PBXBuildFile; fileRef = 185BFE9A1AEB50230080007F /* 31.jpg */; };
		185BFEEB1AEB50230080007F /* 32.jpg in Resources */ = {isa = PBXBuildFile; fileRef = 185BFE9B1AEB50230080007F /* 32.jpg */; };
		185BFEEC1AEB50230080007F /* 33.jpg in Resources */ = {isa = PBXBuildFile; fileRef = 185BFE9C1AEB50230080007F /* 33.jpg */; };
		185BFEED1AEB50230080007F /* 34.jpg in Resources */ = {isa = PBXBuildFile; fileRef = 185BFE9D1AEB50230080007F /* 34.jpg */; };
		185BFEEE1AEB50230080007F /* 35.jpg in Resources */ = {isa = PBXBuildFile; fileRef = 185BFE9E1AEB50230080007F /* 35.jpg */; };
		185BFEEF1AEB50230080007F /* 36.jpg in Resources */ = {isa = PBXBuildFile; fileRef = 185BFE9F1AEB50230080007F /* 36.jpg */; };
		185BFEF01AEB50230080007F /* 37.jpg in Resources */ = {isa = PBXBuildFile; fileRef = 185BFEA01AEB50230080007F /* 37.jpg */; };
		185BFEF11AEB50230080007F /* 38.jpg in Resources */ = {isa = PBXBuildFile; fileRef = 185BFEA11AEB50230080007F /* 38.jpg */; };
		185BFEF21AEB50230080007F /* 39.jpg in Resources */ = {isa = PBXBuildFile; fileRef = 185BFEA21AEB50230080007F /* 39.jpg */; };
		185BFEF31AEB50230080007F /* 40.jpg in Resources */ = {isa = PBXBuildFile; fileRef = 185BFEA31AEB50230080007F /* 40.jpg */; };
		185BFEF41AEB50230080007F /* 41.jpg in Resources */ = {isa = PBXBuildFile; fileRef = 185BFEA41AEB50230080007F /* 41.jpg */; };
		185BFEF51AEB50230080007F /* 42.jpg in Resources */ = {isa = PBXBuildFile; fileRef = 185BFEA51AEB50230080007F /* 42.jpg */; };
		185BFEF61AEB50230080007F /* 43.jpg in Resources */ = {isa = PBXBuildFile; fileRef = 185BFEA61AEB50230080007F /* 43.jpg */; };
		185BFEF71AEB50230080007F /* 44.jpg in Resources */ = {isa = PBXBuildFile; fileRef = 185BFEA71AEB50230080007F /* 44.jpg */; };
		185BFEF81AEB50230080007F /* 45.jpg in Resources */ = {isa = PBXBuildFile; fileRef = 185BFEA81AEB50230080007F /* 45.jpg */; };
		185BFEF91AEB50230080007F /* 46.jpg in Resources */ = {isa = PBXBuildFile; fileRef = 185BFEA91AEB50230080007F /* 46.jpg */; };
		185BFEFA1AEB50230080007F /* 47.jpg in Resources */ = {isa = PBXBuildFile; fileRef = 185BFEAA1AEB50230080007F /* 47.jpg */; };
		185BFEFB1AEB50230080007F /* 48.jpg in Resources */ = {isa = PBXBuildFile; fileRef = 185BFEAB1AEB50230080007F /* 48.jpg */; };
		185BFEFC1AEB50230080007F /* 49.jpg in Resources */ = {isa = PBXBuildFile; fileRef = 185BFEAC1AEB50230080007F /* 49.jpg */; };
		185BFEFD1AEB50230080007F /* 50.jpg in Resources */ = {isa = PBXBuildFile; fileRef = 185BFEAD1AEB50230080007F /* 50.jpg */; };
		185BFEFE1AEB50230080007F /* 51.jpg in Resources */ = {isa = PBXBuildFile; fileRef = 185BFEAE1AEB50230080007F /* 51.jpg */; };
		185BFEFF1AEB50230080007F /* 52.jpg in Resources */ = {isa = PBXBuildFile; fileRef = 185BFEAF1AEB50230080007F /* 52.jpg */; };
		185BFF001AEB50230080007F /* 53.jpg in Resources */ = {isa = PBXBuildFile; fileRef = 185BFEB01AEB50230080007F /* 53.jpg */; };
		185BFF011AEB50230080007F /* 54.jpg in Resources */ = {isa = PBXBuildFile; fileRef = 185BFEB11AEB50230080007F /* 54.jpg */; };
		185BFF021AEB50230080007F /* 55.jpg in Resources */ = {isa = PBXBuildFile; fileRef = 185BFEB21AEB50230080007F /* 55.jpg */; };
		185BFF031AEB50230080007F /* 56.jpg in Resources */ = {isa = PBXBuildFile; fileRef = 185BFEB31AEB50230080007F /* 56.jpg */; };
		185BFF041AEB50230080007F /* 57.jpg in Resources */ = {isa = PBXBuildFile; fileRef = 185BFEB41AEB50230080007F /* 57.jpg */; };
		185BFF051AEB50230080007F /* 58.jpg in Resources */ = {isa = PBXBuildFile; fileRef = 185BFEB51AEB50230080007F /* 58.jpg */; };
		185BFF061AEB50230080007F /* 59.jpg in Resources */ = {isa = PBXBuildFile; fileRef = 185BFEB61AEB50230080007F /* 59.jpg */; };
		185BFF071AEB50230080007F /* 60.jpg in Resources */ = {isa = PBXBuildFile; fileRef = 185BFEB71AEB50230080007F /* 60.jpg */; };
		185BFF081AEB50230080007F /* 61.jpg in Resources */ = {isa = PBXBuildFile; fileRef = 185BFEB81AEB50230080007F /* 61.jpg */; };
		185BFF091AEB50230080007F /* 62.jpg in Resources */ = {isa = PBXBuildFile; fileRef = 185BFEB91AEB50230080007F /* 62.jpg */; };
		185BFF0A1AEB50230080007F /* 63.jpg in Resources */ = {isa = PBXBuildFile; fileRef = 185BFEBA1AEB50230080007F /* 63.jpg */; };
		185BFF0B1AEB50230080007F /* 64.jpg in Resources */ = {isa = PBXBuildFile; fileRef = 185BFEBB1AEB50230080007F /* 64.jpg */; };
		185BFF0C1AEB50230080007F /* 65.jpg in Resources */ = {isa = PBXBuildFile; fileRef = 185BFEBC1AEB50230080007F /* 65.jpg */; };
		185BFF0D1AEB50230080007F /* 66.jpg in Resources */ = {isa = PBXBuildFile; fileRef = 185BFEBD1AEB50230080007F /* 66.jpg */; };
		185BFF0E1AEB50230080007F /* 67.jpg in Resources */ = {isa = PBXBuildFile; fileRef = 185BFEBE1AEB50230080007F /* 67.jpg */; };
		185BFF0F1AEB50230080007F /* 68.jpg in Resources */ = {isa = PBXBuildFile; fileRef = 185BFEBF1AEB50230080007F /* 68.jpg */; };
		185BFF101AEB50230080007F /* 69.jpg in Resources */ = {isa = PBXBuildFile; fileRef = 185BFEC01AEB50230080007F /* 69.jpg */; };
		185BFF111AEB50230080007F /* 70.jpg in Resources */ = {isa = PBXBuildFile; fileRef = 185BFEC11AEB50230080007F /* 70.jpg */; };
		185BFF121AEB50230080007F /* 71.jpg in Resources */ = {isa = PBXBuildFile; fileRef = 185BFEC21AEB50230080007F /* 71.jpg */; };
		185BFF131AEB50230080007F /* 72.jpg in Resources */ = {isa = PBXBuildFile; fileRef = 185BFEC31AEB50230080007F /* 72.jpg */; };
		185BFF141AEB50230080007F /* 73.jpg in Resources */ = {isa = PBXBuildFile; fileRef = 185BFEC41AEB50230080007F /* 73.jpg */; };
		185BFF151AEB50230080007F /* 74.jpg in Resources */ = {isa = PBXBuildFile; fileRef = 185BFEC51AEB50230080007F /* 74.jpg */; };
		185BFF161AEB50230080007F /* 75.jpg in Resources */ = {isa = PBXBuildFile; fileRef = 185BFEC61AEB50230080007F /* 75.jpg */; };
		185BFF171AEB50230080007F /* 76.jpg in Resources */ = {isa = PBXBuildFile; fileRef = 185BFEC71AEB50230080007F /* 76.jpg */; };
		185BFF181AEB50230080007F /* 77.jpg in Resources */ = {isa = PBXBuildFile; fileRef = 185BFEC81AEB50230080007F /* 77.jpg */; };
		185BFF191AEB50230080007F /* 78.jpg in Resources */ = {isa = PBXBuildFile; fileRef = 185BFEC91AEB50230080007F /* 78.jpg */; };
		185BFF1A1AEB50230080007F /* 79.jpg in Resources */ = {isa = PBXBuildFile; fileRef = 185BFECA1AEB50230080007F /* 79.jpg */; };
		185BFF1B1AEB50230080007F /* 80.jpg in Resources */ = {isa = PBXBuildFile; fileRef = 185BFECB1AEB50230080007F /* 80.jpg */; };
		18626E391AA561F000CF3B7C /* main.m in Sources */ = {isa = PBXBuildFile; fileRef = 18626E381AA561F000CF3B7C /* main.m */; };
		18626E3C1AA561F000CF3B7C /* AppDelegate.m in Sources */ = {isa = PBXBuildFile; fileRef = 18626E3B1AA561F000CF3B7C /* AppDelegate.m */; };
		18626E3F1AA561F000CF3B7C /* BasicAtLang.xcdatamodeld in Sources */ = {isa = PBXBuildFile; fileRef = 18626E3D1AA561F000CF3B7C /* BasicAtLang.xcdatamodeld */; };
		18626E421AA561F000CF3B7C /* ViewController.m in Sources */ = {isa = PBXBuildFile; fileRef = 18626E411AA561F000CF3B7C /* ViewController.m */; };
		18626E451AA561F000CF3B7C /* Main.storyboard in Resources */ = {isa = PBXBuildFile; fileRef = 18626E431AA561F000CF3B7C /* Main.storyboard */; };
		18626E471AA561F000CF3B7C /* Images.xcassets in Resources */ = {isa = PBXBuildFile; fileRef = 18626E461AA561F000CF3B7C /* Images.xcassets */; };
		18626E4A1AA561F000CF3B7C /* LaunchScreen.xib in Resources */ = {isa = PBXBuildFile; fileRef = 18626E481AA561F000CF3B7C /* LaunchScreen.xib */; };
		18626E561AA561F000CF3B7C /* BasicAtLangTests.m in Sources */ = {isa = PBXBuildFile; fileRef = 18626E551AA561F000CF3B7C /* BasicAtLangTests.m */; };
		18626E681AA56EEF00CF3B7C /* AboutMissionViewController.m in Sources */ = {isa = PBXBuildFile; fileRef = 18626E661AA56EEF00CF3B7C /* AboutMissionViewController.m */; };
		18626E691AA56EEF00CF3B7C /* AboutMissionViewController.xib in Resources */ = {isa = PBXBuildFile; fileRef = 18626E671AA56EEF00CF3B7C /* AboutMissionViewController.xib */; };
		18626E6D1AA56F0400CF3B7C /* ScheduleViewController.m in Sources */ = {isa = PBXBuildFile; fileRef = 18626E6B1AA56F0400CF3B7C /* ScheduleViewController.m */; };
		18626E6E1AA56F0400CF3B7C /* ScheduleViewController.xib in Resources */ = {isa = PBXBuildFile; fileRef = 18626E6C1AA56F0400CF3B7C /* ScheduleViewController.xib */; };
		18626E781AA56FF300CF3B7C /* SocialMediaViewController.m in Sources */ = {isa = PBXBuildFile; fileRef = 18626E761AA56FF300CF3B7C /* SocialMediaViewController.m */; };
		18626E7D1AA5701B00CF3B7C /* ListenOnlineViewController.m in Sources */ = {isa = PBXBuildFile; fileRef = 18626E7B1AA5701B00CF3B7C /* ListenOnlineViewController.m */; };
		18626E7E1AA5701B00CF3B7C /* ListenOnlineViewController.xib in Resources */ = {isa = PBXBuildFile; fileRef = 18626E7C1AA5701B00CF3B7C /* ListenOnlineViewController.xib */; };
		18626E821AA5703D00CF3B7C /* PhotosViewController.m in Sources */ = {isa = PBXBuildFile; fileRef = 18626E801AA5703D00CF3B7C /* PhotosViewController.m */; };
		18626E871AA5705000CF3B7C /* BlogViewController.m in Sources */ = {isa = PBXBuildFile; fileRef = 18626E851AA5705000CF3B7C /* BlogViewController.m */; };
		18626E8C1AA5706000CF3B7C /* MusicViewController.m in Sources */ = {isa = PBXBuildFile; fileRef = 18626E8A1AA5706000CF3B7C /* MusicViewController.m */; };
		18626E8D1AA5706000CF3B7C /* MusicViewController.xib in Resources */ = {isa = PBXBuildFile; fileRef = 18626E8B1AA5706000CF3B7C /* MusicViewController.xib */; };
		186684A41AEC277A0032B360 /* CustomTableViewCell.m in Sources */ = {isa = PBXBuildFile; fileRef = 186684A31AEC277A0032B360 /* CustomTableViewCell.m */; };
		186684A61AEC3A6D0032B360 /* BlogViewController.storyboard in Resources */ = {isa = PBXBuildFile; fileRef = 186684A51AEC3A6D0032B360 /* BlogViewController.storyboard */; };
		187CE5B71AF92055009EE8E3 /* blogPost.png in Resources */ = {isa = PBXBuildFile; fileRef = 187CE5B61AF92055009EE8E3 /* blogPost.png */; };
		187CE5BC1AF92060009EE8E3 /* Music.png in Resources */ = {isa = PBXBuildFile; fileRef = 187CE5B81AF92060009EE8E3 /* Music.png */; };
		187CE5BD1AF92060009EE8E3 /* photosPic.png in Resources */ = {isa = PBXBuildFile; fileRef = 187CE5B91AF92060009EE8E3 /* photosPic.png */; };
		187CE5BE1AF92060009EE8E3 /* schedulePic.png in Resources */ = {isa = PBXBuildFile; fileRef = 187CE5BA1AF92060009EE8E3 /* schedulePic.png */; };
		187CE5BF1AF92060009EE8E3 /* socialMedia.png in Resources */ = {isa = PBXBuildFile; fileRef = 187CE5BB1AF92060009EE8E3 /* socialMedia.png */; };
		187CE5C11AF92069009EE8E3 /* listenOnline.png in Resources */ = {isa = PBXBuildFile; fileRef = 187CE5C01AF92069009EE8E3 /* listenOnline.png */; };
		187CE5C31AF92077009EE8E3 /* aboutBasic.png in Resources */ = {isa = PBXBuildFile; fileRef = 187CE5C21AF92077009EE8E3 /* aboutBasic.png */; };
		187CE5C51AF92088009EE8E3 /* getInvolved.png in Resources */ = {isa = PBXBuildFile; fileRef = 187CE5C41AF92088009EE8E3 /* getInvolved.png */; };
		189E04D31AEB1009003D8B6C /* FullPhotoViewController.m in Sources */ = {isa = PBXBuildFile; fileRef = 189E04D11AEB1009003D8B6C /* FullPhotoViewController.m */; };
		189E04D41AEB1009003D8B6C /* FullPhotoViewController.xib in Resources */ = {isa = PBXBuildFile; fileRef = 189E04D21AEB1009003D8B6C /* FullPhotoViewController.xib */; };
		189EC6771AED94BC00D11D8E /* BlogReaderViewController.m in Sources */ = {isa = PBXBuildFile; fileRef = 189EC6751AED94BC00D11D8E /* BlogReaderViewController.m */; };
		189EC6781AED94BC00D11D8E /* BlogReaderViewController.xib in Resources */ = {isa = PBXBuildFile; fileRef = 189EC6761AED94BC00D11D8E /* BlogReaderViewController.xib */; };
		18B0BA791AEF174E00434C2D /* Reachability.m in Sources */ = {isa = PBXBuildFile; fileRef = 18B0BA741AEF174E00434C2D /* Reachability.m */; };
		18B0BA7A1AEF174E00434C2D /* APLViewController.m in Sources */ = {isa = PBXBuildFile; fileRef = 18B0BA761AEF174E00434C2D /* APLViewController.m */; };
		18B0BA7B1AEF174E00434C2D /* APLAppDelegate.m in Sources */ = {isa = PBXBuildFile; fileRef = 18B0BA781AEF174E00434C2D /* APLAppDelegate.m */; };
		18B7A1081AF8462B00F8F4E5 /* CustomSocialMediaTableViewCell.m in Sources */ = {isa = PBXBuildFile; fileRef = 18B7A1071AF8462B00F8F4E5 /* CustomSocialMediaTableViewCell.m */; };
		18B7A10A1AF85AED00F8F4E5 /* SocialMediaViewController.storyboard in Resources */ = {isa = PBXBuildFile; fileRef = 18B7A1091AF85AED00F8F4E5 /* SocialMediaViewController.storyboard */; };
		18B7A1111AF87A7100F8F4E5 /* FullPostViewController.m in Sources */ = {isa = PBXBuildFile; fileRef = 18B7A10F1AF87A7100F8F4E5 /* FullPostViewController.m */; };
		18B7A1121AF87A7100F8F4E5 /* FullPostViewController.xib in Resources */ = {isa = PBXBuildFile; fileRef = 18B7A1101AF87A7100F8F4E5 /* FullPostViewController.xib */; };
		18E403A71AE9A0B4001BFD95 /* 66.jpg in Resources */ = {isa = PBXBuildFile; fileRef = 18E403A61AE9A0B4001BFD95 /* 66.jpg */; };
		18E403AD1AE9F0E2001BFD95 /* PhotosViewController.storyboard in Resources */ = {isa = PBXBuildFile; fileRef = 18E403AC1AE9F0E2001BFD95 /* PhotosViewController.storyboard */; };
		18E403B01AEA13B1001BFD95 /* CustomCell.m in Sources */ = {isa = PBXBuildFile; fileRef = 18E403AF1AEA13B1001BFD95 /* CustomCell.m */; };
		18F8C87A1AC72E7300A1E8D1 /* Twitter@2x.png in Resources */ = {isa = PBXBuildFile; fileRef = 18F8C8791AC72E7300A1E8D1 /* Twitter@2x.png */; };
		18F8C87C1AC7307100A1E8D1 /* Facebook@2x.png in Resources */ = {isa = PBXBuildFile; fileRef = 18F8C87B1AC7307100A1E8D1 /* Facebook@2x.png */; };
		18F8C87E1AC7307900A1E8D1 /* Instagram@2x.png in Resources */ = {isa = PBXBuildFile; fileRef = 18F8C87D1AC7307900A1E8D1 /* Instagram@2x.png */; };
		18F8C8801AC7308300A1E8D1 /* YouTube@2x.png in Resources */ = {isa = PBXBuildFile; fileRef = 18F8C87F1AC7308300A1E8D1 /* YouTube@2x.png */; };
/* End PBXBuildFile section */

/* Begin PBXContainerItemProxy section */
		18626E501AA561F000CF3B7C /* PBXContainerItemProxy */ = {
			isa = PBXContainerItemProxy;
			containerPortal = 18626E2B1AA561F000CF3B7C /* Project object */;
			proxyType = 1;
			remoteGlobalIDString = 18626E321AA561F000CF3B7C;
			remoteInfo = BasicAtLang;
		};
/* End PBXContainerItemProxy section */

/* Begin PBXFileReference section */
		184648641AAD3FA800906C58 /* GetInvolvedViewController.h */ = {isa = PBXFileReference; fileEncoding = 4; lastKnownFileType = sourcecode.c.h; path = GetInvolvedViewController.h; sourceTree = "<group>"; };
		184648651AAD3FA800906C58 /* GetInvolvedViewController.m */ = {isa = PBXFileReference; fileEncoding = 4; lastKnownFileType = sourcecode.c.objc; path = GetInvolvedViewController.m; sourceTree = "<group>"; };
		184648661AAD3FA800906C58 /* GetInvolvedViewController.xib */ = {isa = PBXFileReference; fileEncoding = 4; lastKnownFileType = file.xib; path = GetInvolvedViewController.xib; sourceTree = "<group>"; };
		185172191AF1EF3E00DB8163 /* LinkSocialMediaViewController.h */ = {isa = PBXFileReference; fileEncoding = 4; lastKnownFileType = sourcecode.c.h; path = LinkSocialMediaViewController.h; sourceTree = "<group>"; };
		1851721A1AF1EF3E00DB8163 /* LinkSocialMediaViewController.m */ = {isa = PBXFileReference; fileEncoding = 4; lastKnownFileType = sourcecode.c.objc; path = LinkSocialMediaViewController.m; sourceTree = "<group>"; };
		1851721B1AF1EF3E00DB8163 /* LinkSocialMediaViewController.xib */ = {isa = PBXFileReference; fileEncoding = 4; lastKnownFileType = file.xib; path = LinkSocialMediaViewController.xib; sourceTree = "<group>"; };
		18520CA41AE4606C004A0CFD /* AddPostViewController.h */ = {isa = PBXFileReference; fileEncoding = 4; lastKnownFileType = sourcecode.c.h; path = AddPostViewController.h; sourceTree = "<group>"; };
		18520CA51AE4606C004A0CFD /* AddPostViewController.m */ = {isa = PBXFileReference; fileEncoding = 4; lastKnownFileType = sourcecode.c.objc; path = AddPostViewController.m; sourceTree = "<group>"; };
		18520CA61AE4606C004A0CFD /* AddPostViewController.xib */ = {isa = PBXFileReference; fileEncoding = 4; lastKnownFileType = file.xib; path = AddPostViewController.xib; sourceTree = "<group>"; };
		185BFE7C1AEB50230080007F /* 1.jpg */ = {isa = PBXFileReference; lastKnownFileType = image.jpeg; path = 1.jpg; sourceTree = "<group>"; };
		185BFE7D1AEB50230080007F /* 2.jpg */ = {isa = PBXFileReference; lastKnownFileType = image.jpeg; path = 2.jpg; sourceTree = "<group>"; };
		185BFE7E1AEB50230080007F /* 3.jpg */ = {isa = PBXFileReference; lastKnownFileType = image.jpeg; path = 3.jpg; sourceTree = "<group>"; };
		185BFE7F1AEB50230080007F /* 4.jpg */ = {isa = PBXFileReference; lastKnownFileType = image.jpeg; path = 4.jpg; sourceTree = "<group>"; };
		185BFE801AEB50230080007F /* 5.jpg */ = {isa = PBXFileReference; lastKnownFileType = image.jpeg; path = 5.jpg; sourceTree = "<group>"; };
		185BFE811AEB50230080007F /* 6.jpg */ = {isa = PBXFileReference; lastKnownFileType = image.jpeg; path = 6.jpg; sourceTree = "<group>"; };
		185BFE821AEB50230080007F /* 7.jpg */ = {isa = PBXFileReference; lastKnownFileType = image.jpeg; path = 7.jpg; sourceTree = "<group>"; };
		185BFE831AEB50230080007F /* 8.jpg */ = {isa = PBXFileReference; lastKnownFileType = image.jpeg; path = 8.jpg; sourceTree = "<group>"; };
		185BFE841AEB50230080007F /* 9.jpg */ = {isa = PBXFileReference; lastKnownFileType = image.jpeg; path = 9.jpg; sourceTree = "<group>"; };
		185BFE851AEB50230080007F /* 10.jpg */ = {isa = PBXFileReference; lastKnownFileType = image.jpeg; path = 10.jpg; sourceTree = "<group>"; };
		185BFE861AEB50230080007F /* 11.jpg */ = {isa = PBXFileReference; lastKnownFileType = image.jpeg; path = 11.jpg; sourceTree = "<group>"; };
		185BFE871AEB50230080007F /* 12.jpg */ = {isa = PBXFileReference; lastKnownFileType = image.jpeg; path = 12.jpg; sourceTree = "<group>"; };
		185BFE881AEB50230080007F /* 13.jpg */ = {isa = PBXFileReference; lastKnownFileType = image.jpeg; path = 13.jpg; sourceTree = "<group>"; };
		185BFE891AEB50230080007F /* 14.jpg */ = {isa = PBXFileReference; lastKnownFileType = image.jpeg; path = 14.jpg; sourceTree = "<group>"; };
		185BFE8A1AEB50230080007F /* 15.jpg */ = {isa = PBXFileReference; lastKnownFileType = image.jpeg; path = 15.jpg; sourceTree = "<group>"; };
		185BFE8B1AEB50230080007F /* 16.jpg */ = {isa = PBXFileReference; lastKnownFileType = image.jpeg; path = 16.jpg; sourceTree = "<group>"; };
		185BFE8C1AEB50230080007F /* 17.jpg */ = {isa = PBXFileReference; lastKnownFileType = image.jpeg; path = 17.jpg; sourceTree = "<group>"; };
		185BFE8D1AEB50230080007F /* 18.jpg */ = {isa = PBXFileReference; lastKnownFileType = image.jpeg; path = 18.jpg; sourceTree = "<group>"; };
		185BFE8E1AEB50230080007F /* 19.jpg */ = {isa = PBXFileReference; lastKnownFileType = image.jpeg; path = 19.jpg; sourceTree = "<group>"; };
		185BFE8F1AEB50230080007F /* 20.jpg */ = {isa = PBXFileReference; lastKnownFileType = image.jpeg; path = 20.jpg; sourceTree = "<group>"; };
		185BFE901AEB50230080007F /* 21.jpg */ = {isa = PBXFileReference; lastKnownFileType = image.jpeg; path = 21.jpg; sourceTree = "<group>"; };
		185BFE911AEB50230080007F /* 22.jpg */ = {isa = PBXFileReference; lastKnownFileType = image.jpeg; path = 22.jpg; sourceTree = "<group>"; };
		185BFE921AEB50230080007F /* 23.jpg */ = {isa = PBXFileReference; lastKnownFileType = image.jpeg; path = 23.jpg; sourceTree = "<group>"; };
		185BFE931AEB50230080007F /* 24.jpg */ = {isa = PBXFileReference; lastKnownFileType = image.jpeg; path = 24.jpg; sourceTree = "<group>"; };
		185BFE941AEB50230080007F /* 25.jpg */ = {isa = PBXFileReference; lastKnownFileType = image.jpeg; path = 25.jpg; sourceTree = "<group>"; };
		185BFE951AEB50230080007F /* 26.jpg */ = {isa = PBXFileReference; lastKnownFileType = image.jpeg; path = 26.jpg; sourceTree = "<group>"; };
		185BFE961AEB50230080007F /* 27.jpg */ = {isa = PBXFileReference; lastKnownFileType = image.jpeg; path = 27.jpg; sourceTree = "<group>"; };
		185BFE971AEB50230080007F /* 28.jpg */ = {isa = PBXFileReference; lastKnownFileType = image.jpeg; path = 28.jpg; sourceTree = "<group>"; };
		185BFE981AEB50230080007F /* 29.jpg */ = {isa = PBXFileReference; lastKnownFileType = image.jpeg; path = 29.jpg; sourceTree = "<group>"; };
		185BFE991AEB50230080007F /* 30.jpg */ = {isa = PBXFileReference; lastKnownFileType = image.jpeg; path = 30.jpg; sourceTree = "<group>"; };
		185BFE9A1AEB50230080007F /* 31.jpg */ = {isa = PBXFileReference; lastKnownFileType = image.jpeg; path = 31.jpg; sourceTree = "<group>"; };
		185BFE9B1AEB50230080007F /* 32.jpg */ = {isa = PBXFileReference; lastKnownFileType = image.jpeg; path = 32.jpg; sourceTree = "<group>"; };
		185BFE9C1AEB50230080007F /* 33.jpg */ = {isa = PBXFileReference; lastKnownFileType = image.jpeg; path = 33.jpg; sourceTree = "<group>"; };
		185BFE9D1AEB50230080007F /* 34.jpg */ = {isa = PBXFileReference; lastKnownFileType = image.jpeg; path = 34.jpg; sourceTree = "<group>"; };
		185BFE9E1AEB50230080007F /* 35.jpg */ = {isa = PBXFileReference; lastKnownFileType = image.jpeg; path = 35.jpg; sourceTree = "<group>"; };
		185BFE9F1AEB50230080007F /* 36.jpg */ = {isa = PBXFileReference; lastKnownFileType = image.jpeg; path = 36.jpg; sourceTree = "<group>"; };
		185BFEA01AEB50230080007F /* 37.jpg */ = {isa = PBXFileReference; lastKnownFileType = image.jpeg; path = 37.jpg; sourceTree = "<group>"; };
		185BFEA11AEB50230080007F /* 38.jpg */ = {isa = PBXFileReference; lastKnownFileType = image.jpeg; path = 38.jpg; sourceTree = "<group>"; };
		185BFEA21AEB50230080007F /* 39.jpg */ = {isa = PBXFileReference; lastKnownFileType = image.jpeg; path = 39.jpg; sourceTree = "<group>"; };
		185BFEA31AEB50230080007F /* 40.jpg */ = {isa = PBXFileReference; lastKnownFileType = image.jpeg; path = 40.jpg; sourceTree = "<group>"; };
		185BFEA41AEB50230080007F /* 41.jpg */ = {isa = PBXFileReference; lastKnownFileType = image.jpeg; path = 41.jpg; sourceTree = "<group>"; };
		185BFEA51AEB50230080007F /* 42.jpg */ = {isa = PBXFileReference; lastKnownFileType = image.jpeg; path = 42.jpg; sourceTree = "<group>"; };
		185BFEA61AEB50230080007F /* 43.jpg */ = {isa = PBXFileReference; lastKnownFileType = image.jpeg; path = 43.jpg; sourceTree = "<group>"; };
		185BFEA71AEB50230080007F /* 44.jpg */ = {isa = PBXFileReference; lastKnownFileType = image.jpeg; path = 44.jpg; sourceTree = "<group>"; };
		185BFEA81AEB50230080007F /* 45.jpg */ = {isa = PBXFileReference; lastKnownFileType = image.jpeg; path = 45.jpg; sourceTree = "<group>"; };
		185BFEA91AEB50230080007F /* 46.jpg */ = {isa = PBXFileReference; lastKnownFileType = image.jpeg; path = 46.jpg; sourceTree = "<group>"; };
		185BFEAA1AEB50230080007F /* 47.jpg */ = {isa = PBXFileReference; lastKnownFileType = image.jpeg; path = 47.jpg; sourceTree = "<group>"; };
		185BFEAB1AEB50230080007F /* 48.jpg */ = {isa = PBXFileReference; lastKnownFileType = image.jpeg; path = 48.jpg; sourceTree = "<group>"; };
		185BFEAC1AEB50230080007F /* 49.jpg */ = {isa = PBXFileReference; lastKnownFileType = image.jpeg; path = 49.jpg; sourceTree = "<group>"; };
		185BFEAD1AEB50230080007F /* 50.jpg */ = {isa = PBXFileReference; lastKnownFileType = image.jpeg; path = 50.jpg; sourceTree = "<group>"; };
		185BFEAE1AEB50230080007F /* 51.jpg */ = {isa = PBXFileReference; lastKnownFileType = image.jpeg; path = 51.jpg; sourceTree = "<group>"; };
		185BFEAF1AEB50230080007F /* 52.jpg */ = {isa = PBXFileReference; lastKnownFileType = image.jpeg; path = 52.jpg; sourceTree = "<group>"; };
		185BFEB01AEB50230080007F /* 53.jpg */ = {isa = PBXFileReference; lastKnownFileType = image.jpeg; path = 53.jpg; sourceTree = "<group>"; };
		185BFEB11AEB50230080007F /* 54.jpg */ = {isa = PBXFileReference; lastKnownFileType = image.jpeg; path = 54.jpg; sourceTree = "<group>"; };
		185BFEB21AEB50230080007F /* 55.jpg */ = {isa = PBXFileReference; lastKnownFileType = image.jpeg; path = 55.jpg; sourceTree = "<group>"; };
		185BFEB31AEB50230080007F /* 56.jpg */ = {isa = PBXFileReference; lastKnownFileType = image.jpeg; path = 56.jpg; sourceTree = "<group>"; };
		185BFEB41AEB50230080007F /* 57.jpg */ = {isa = PBXFileReference; lastKnownFileType = image.jpeg; path = 57.jpg; sourceTree = "<group>"; };
		185BFEB51AEB50230080007F /* 58.jpg */ = {isa = PBXFileReference; lastKnownFileType = image.jpeg; path = 58.jpg; sourceTree = "<group>"; };
		185BFEB61AEB50230080007F /* 59.jpg */ = {isa = PBXFileReference; lastKnownFileType = image.jpeg; path = 59.jpg; sourceTree = "<group>"; };
		185BFEB71AEB50230080007F /* 60.jpg */ = {isa = PBXFileReference; lastKnownFileType = image.jpeg; path = 60.jpg; sourceTree = "<group>"; };
		185BFEB81AEB50230080007F /* 61.jpg */ = {isa = PBXFileReference; lastKnownFileType = image.jpeg; path = 61.jpg; sourceTree = "<group>"; };
		185BFEB91AEB50230080007F /* 62.jpg */ = {isa = PBXFileReference; lastKnownFileType = image.jpeg; path = 62.jpg; sourceTree = "<group>"; };
		185BFEBA1AEB50230080007F /* 63.jpg */ = {isa = PBXFileReference; lastKnownFileType = image.jpeg; path = 63.jpg; sourceTree = "<group>"; };
		185BFEBB1AEB50230080007F /* 64.jpg */ = {isa = PBXFileReference; lastKnownFileType = image.jpeg; path = 64.jpg; sourceTree = "<group>"; };
		185BFEBC1AEB50230080007F /* 65.jpg */ = {isa = PBXFileReference; lastKnownFileType = image.jpeg; path = 65.jpg; sourceTree = "<group>"; };
		185BFEBD1AEB50230080007F /* 66.jpg */ = {isa = PBXFileReference; lastKnownFileType = image.jpeg; path = 66.jpg; sourceTree = "<group>"; };
		185BFEBE1AEB50230080007F /* 67.jpg */ = {isa = PBXFileReference; lastKnownFileType = image.jpeg; path = 67.jpg; sourceTree = "<group>"; };
		185BFEBF1AEB50230080007F /* 68.jpg */ = {isa = PBXFileReference; lastKnownFileType = image.jpeg; path = 68.jpg; sourceTree = "<group>"; };
		185BFEC01AEB50230080007F /* 69.jpg */ = {isa = PBXFileReference; lastKnownFileType = image.jpeg; path = 69.jpg; sourceTree = "<group>"; };
		185BFEC11AEB50230080007F /* 70.jpg */ = {isa = PBXFileReference; lastKnownFileType = image.jpeg; path = 70.jpg; sourceTree = "<group>"; };
		185BFEC21AEB50230080007F /* 71.jpg */ = {isa = PBXFileReference; lastKnownFileType = image.jpeg; path = 71.jpg; sourceTree = "<group>"; };
		185BFEC31AEB50230080007F /* 72.jpg */ = {isa = PBXFileReference; lastKnownFileType = image.jpeg; path = 72.jpg; sourceTree = "<group>"; };
		185BFEC41AEB50230080007F /* 73.jpg */ = {isa = PBXFileReference; lastKnownFileType = image.jpeg; path = 73.jpg; sourceTree = "<group>"; };
		185BFEC51AEB50230080007F /* 74.jpg */ = {isa = PBXFileReference; lastKnownFileType = image.jpeg; path = 74.jpg; sourceTree = "<group>"; };
		185BFEC61AEB50230080007F /* 75.jpg */ = {isa = PBXFileReference; lastKnownFileType = image.jpeg; path = 75.jpg; sourceTree = "<group>"; };
		185BFEC71AEB50230080007F /* 76.jpg */ = {isa = PBXFileReference; lastKnownFileType = image.jpeg; path = 76.jpg; sourceTree = "<group>"; };
		185BFEC81AEB50230080007F /* 77.jpg */ = {isa = PBXFileReference; lastKnownFileType = image.jpeg; path = 77.jpg; sourceTree = "<group>"; };
		185BFEC91AEB50230080007F /* 78.jpg */ = {isa = PBXFileReference; lastKnownFileType = image.jpeg; path = 78.jpg; sourceTree = "<group>"; };
		185BFECA1AEB50230080007F /* 79.jpg */ = {isa = PBXFileReference; lastKnownFileType = image.jpeg; path = 79.jpg; sourceTree = "<group>"; };
		185BFECB1AEB50230080007F /* 80.jpg */ = {isa = PBXFileReference; lastKnownFileType = image.jpeg; path = 80.jpg; sourceTree = "<group>"; };
		18626E331AA561F000CF3B7C /* BasicAtLang.app */ = {isa = PBXFileReference; explicitFileType = wrapper.application; includeInIndex = 0; path = BasicAtLang.app; sourceTree = BUILT_PRODUCTS_DIR; };
		18626E371AA561F000CF3B7C /* Info.plist */ = {isa = PBXFileReference; lastKnownFileType = text.plist.xml; path = Info.plist; sourceTree = "<group>"; };
		18626E381AA561F000CF3B7C /* main.m */ = {isa = PBXFileReference; lastKnownFileType = sourcecode.c.objc; path = main.m; sourceTree = "<group>"; };
		18626E3A1AA561F000CF3B7C /* AppDelegate.h */ = {isa = PBXFileReference; lastKnownFileType = sourcecode.c.h; path = AppDelegate.h; sourceTree = "<group>"; };
		18626E3B1AA561F000CF3B7C /* AppDelegate.m */ = {isa = PBXFileReference; lastKnownFileType = sourcecode.c.objc; path = AppDelegate.m; sourceTree = "<group>"; };
		18626E3E1AA561F000CF3B7C /* BasicAtLang.xcdatamodel */ = {isa = PBXFileReference; lastKnownFileType = wrapper.xcdatamodel; path = BasicAtLang.xcdatamodel; sourceTree = "<group>"; };
		18626E401AA561F000CF3B7C /* ViewController.h */ = {isa = PBXFileReference; lastKnownFileType = sourcecode.c.h; path = ViewController.h; sourceTree = "<group>"; };
		18626E411AA561F000CF3B7C /* ViewController.m */ = {isa = PBXFileReference; lastKnownFileType = sourcecode.c.objc; path = ViewController.m; sourceTree = "<group>"; };
		18626E441AA561F000CF3B7C /* Base */ = {isa = PBXFileReference; lastKnownFileType = file.storyboard; name = Base; path = Base.lproj/Main.storyboard; sourceTree = "<group>"; };
		18626E461AA561F000CF3B7C /* Images.xcassets */ = {isa = PBXFileReference; lastKnownFileType = folder.assetcatalog; path = Images.xcassets; sourceTree = "<group>"; };
		18626E491AA561F000CF3B7C /* Base */ = {isa = PBXFileReference; lastKnownFileType = file.xib; name = Base; path = Base.lproj/LaunchScreen.xib; sourceTree = "<group>"; };
		18626E4F1AA561F000CF3B7C /* BasicAtLangTests.xctest */ = {isa = PBXFileReference; explicitFileType = wrapper.cfbundle; includeInIndex = 0; path = BasicAtLangTests.xctest; sourceTree = BUILT_PRODUCTS_DIR; };
		18626E541AA561F000CF3B7C /* Info.plist */ = {isa = PBXFileReference; lastKnownFileType = text.plist.xml; path = Info.plist; sourceTree = "<group>"; };
		18626E551AA561F000CF3B7C /* BasicAtLangTests.m */ = {isa = PBXFileReference; lastKnownFileType = sourcecode.c.objc; path = BasicAtLangTests.m; sourceTree = "<group>"; };
		18626E651AA56EEF00CF3B7C /* AboutMissionViewController.h */ = {isa = PBXFileReference; fileEncoding = 4; lastKnownFileType = sourcecode.c.h; path = AboutMissionViewController.h; sourceTree = "<group>"; };
		18626E661AA56EEF00CF3B7C /* AboutMissionViewController.m */ = {isa = PBXFileReference; fileEncoding = 4; lastKnownFileType = sourcecode.c.objc; path = AboutMissionViewController.m; sourceTree = "<group>"; };
		18626E671AA56EEF00CF3B7C /* AboutMissionViewController.xib */ = {isa = PBXFileReference; fileEncoding = 4; lastKnownFileType = file.xib; path = AboutMissionViewController.xib; sourceTree = "<group>"; };
		18626E6A1AA56F0400CF3B7C /* ScheduleViewController.h */ = {isa = PBXFileReference; fileEncoding = 4; lastKnownFileType = sourcecode.c.h; path = ScheduleViewController.h; sourceTree = "<group>"; };
		18626E6B1AA56F0400CF3B7C /* ScheduleViewController.m */ = {isa = PBXFileReference; fileEncoding = 4; lastKnownFileType = sourcecode.c.objc; path = ScheduleViewController.m; sourceTree = "<group>"; };
		18626E6C1AA56F0400CF3B7C /* ScheduleViewController.xib */ = {isa = PBXFileReference; fileEncoding = 4; lastKnownFileType = file.xib; path = ScheduleViewController.xib; sourceTree = "<group>"; };
		18626E751AA56FF300CF3B7C /* SocialMediaViewController.h */ = {isa = PBXFileReference; fileEncoding = 4; lastKnownFileType = sourcecode.c.h; path = SocialMediaViewController.h; sourceTree = "<group>"; };
		18626E761AA56FF300CF3B7C /* SocialMediaViewController.m */ = {isa = PBXFileReference; fileEncoding = 4; lastKnownFileType = sourcecode.c.objc; path = SocialMediaViewController.m; sourceTree = "<group>"; };
		18626E7A1AA5701B00CF3B7C /* ListenOnlineViewController.h */ = {isa = PBXFileReference; fileEncoding = 4; lastKnownFileType = sourcecode.c.h; path = ListenOnlineViewController.h; sourceTree = "<group>"; };
		18626E7B1AA5701B00CF3B7C /* ListenOnlineViewController.m */ = {isa = PBXFileReference; fileEncoding = 4; lastKnownFileType = sourcecode.c.objc; path = ListenOnlineViewController.m; sourceTree = "<group>"; };
		18626E7C1AA5701B00CF3B7C /* ListenOnlineViewController.xib */ = {isa = PBXFileReference; fileEncoding = 4; lastKnownFileType = file.xib; path = ListenOnlineViewController.xib; sourceTree = "<group>"; };
		18626E7F1AA5703D00CF3B7C /* PhotosViewController.h */ = {isa = PBXFileReference; fileEncoding = 4; lastKnownFileType = sourcecode.c.h; path = PhotosViewController.h; sourceTree = "<group>"; };
		18626E801AA5703D00CF3B7C /* PhotosViewController.m */ = {isa = PBXFileReference; fileEncoding = 4; lastKnownFileType = sourcecode.c.objc; path = PhotosViewController.m; sourceTree = "<group>"; };
		18626E841AA5705000CF3B7C /* BlogViewController.h */ = {isa = PBXFileReference; fileEncoding = 4; lastKnownFileType = sourcecode.c.h; path = BlogViewController.h; sourceTree = "<group>"; };
		18626E851AA5705000CF3B7C /* BlogViewController.m */ = {isa = PBXFileReference; fileEncoding = 4; lastKnownFileType = sourcecode.c.objc; path = BlogViewController.m; sourceTree = "<group>"; };
		18626E891AA5706000CF3B7C /* MusicViewController.h */ = {isa = PBXFileReference; fileEncoding = 4; lastKnownFileType = sourcecode.c.h; path = MusicViewController.h; sourceTree = "<group>"; };
		18626E8A1AA5706000CF3B7C /* MusicViewController.m */ = {isa = PBXFileReference; fileEncoding = 4; lastKnownFileType = sourcecode.c.objc; path = MusicViewController.m; sourceTree = "<group>"; };
		18626E8B1AA5706000CF3B7C /* MusicViewController.xib */ = {isa = PBXFileReference; fileEncoding = 4; lastKnownFileType = file.xib; path = MusicViewController.xib; sourceTree = "<group>"; };
		186684A21AEC277A0032B360 /* CustomTableViewCell.h */ = {isa = PBXFileReference; fileEncoding = 4; lastKnownFileType = sourcecode.c.h; path = CustomTableViewCell.h; sourceTree = "<group>"; };
		186684A31AEC277A0032B360 /* CustomTableViewCell.m */ = {isa = PBXFileReference; fileEncoding = 4; lastKnownFileType = sourcecode.c.objc; path = CustomTableViewCell.m; sourceTree = "<group>"; };
		186684A51AEC3A6D0032B360 /* BlogViewController.storyboard */ = {isa = PBXFileReference; fileEncoding = 4; lastKnownFileType = file.storyboard; path = BlogViewController.storyboard; sourceTree = "<group>"; };
		187CE5B61AF92055009EE8E3 /* blogPost.png */ = {isa = PBXFileReference; lastKnownFileType = image.png; path = blogPost.png; sourceTree = "<group>"; };
		187CE5B81AF92060009EE8E3 /* Music.png */ = {isa = PBXFileReference; lastKnownFileType = image.png; path = Music.png; sourceTree = "<group>"; };
		187CE5B91AF92060009EE8E3 /* photosPic.png */ = {isa = PBXFileReference; lastKnownFileType = image.png; path = photosPic.png; sourceTree = "<group>"; };
		187CE5BA1AF92060009EE8E3 /* schedulePic.png */ = {isa = PBXFileReference; lastKnownFileType = image.png; path = schedulePic.png; sourceTree = "<group>"; };
		187CE5BB1AF92060009EE8E3 /* socialMedia.png */ = {isa = PBXFileReference; lastKnownFileType = image.png; path = socialMedia.png; sourceTree = "<group>"; };
		187CE5C01AF92069009EE8E3 /* listenOnline.png */ = {isa = PBXFileReference; lastKnownFileType = image.png; path = listenOnline.png; sourceTree = "<group>"; };
		187CE5C21AF92077009EE8E3 /* aboutBasic.png */ = {isa = PBXFileReference; lastKnownFileType = image.png; path = aboutBasic.png; sourceTree = "<group>"; };
		187CE5C41AF92088009EE8E3 /* getInvolved.png */ = {isa = PBXFileReference; lastKnownFileType = image.png; path = getInvolved.png; sourceTree = "<group>"; };
		189E04D01AEB1009003D8B6C /* FullPhotoViewController.h */ = {isa = PBXFileReference; fileEncoding = 4; lastKnownFileType = sourcecode.c.h; path = FullPhotoViewController.h; sourceTree = "<group>"; };
		189E04D11AEB1009003D8B6C /* FullPhotoViewController.m */ = {isa = PBXFileReference; fileEncoding = 4; lastKnownFileType = sourcecode.c.objc; path = FullPhotoViewController.m; sourceTree = "<group>"; };
		189E04D21AEB1009003D8B6C /* FullPhotoViewController.xib */ = {isa = PBXFileReference; fileEncoding = 4; lastKnownFileType = file.xib; path = FullPhotoViewController.xib; sourceTree = "<group>"; };
		189EC6741AED94BC00D11D8E /* BlogReaderViewController.h */ = {isa = PBXFileReference; fileEncoding = 4; lastKnownFileType = sourcecode.c.h; path = BlogReaderViewController.h; sourceTree = "<group>"; };
		189EC6751AED94BC00D11D8E /* BlogReaderViewController.m */ = {isa = PBXFileReference; fileEncoding = 4; lastKnownFileType = sourcecode.c.objc; path = BlogReaderViewController.m; sourceTree = "<group>"; };
		189EC6761AED94BC00D11D8E /* BlogReaderViewController.xib */ = {isa = PBXFileReference; fileEncoding = 4; lastKnownFileType = file.xib; path = BlogReaderViewController.xib; sourceTree = "<group>"; };
		18B0BA731AEF174E00434C2D /* Reachability.h */ = {isa = PBXFileReference; fileEncoding = 4; lastKnownFileType = sourcecode.c.h; path = Reachability.h; sourceTree = "<group>"; };
		18B0BA741AEF174E00434C2D /* Reachability.m */ = {isa = PBXFileReference; fileEncoding = 4; lastKnownFileType = sourcecode.c.objc; path = Reachability.m; sourceTree = "<group>"; };
		18B0BA751AEF174E00434C2D /* APLViewController.h */ = {isa = PBXFileReference; fileEncoding = 4; lastKnownFileType = sourcecode.c.h; path = APLViewController.h; sourceTree = "<group>"; };
		18B0BA761AEF174E00434C2D /* APLViewController.m */ = {isa = PBXFileReference; fileEncoding = 4; lastKnownFileType = sourcecode.c.objc; path = APLViewController.m; sourceTree = "<group>"; };
		18B0BA771AEF174E00434C2D /* APLAppDelegate.h */ = {isa = PBXFileReference; fileEncoding = 4; lastKnownFileType = sourcecode.c.h; path = APLAppDelegate.h; sourceTree = "<group>"; };
		18B0BA781AEF174E00434C2D /* APLAppDelegate.m */ = {isa = PBXFileReference; fileEncoding = 4; lastKnownFileType = sourcecode.c.objc; path = APLAppDelegate.m; sourceTree = "<group>"; };
		18B7A1061AF8462B00F8F4E5 /* CustomSocialMediaTableViewCell.h */ = {isa = PBXFileReference; fileEncoding = 4; lastKnownFileType = sourcecode.c.h; path = CustomSocialMediaTableViewCell.h; sourceTree = "<group>"; };
		18B7A1071AF8462B00F8F4E5 /* CustomSocialMediaTableViewCell.m */ = {isa = PBXFileReference; fileEncoding = 4; lastKnownFileType = sourcecode.c.objc; path = CustomSocialMediaTableViewCell.m; sourceTree = "<group>"; };
		18B7A1091AF85AED00F8F4E5 /* SocialMediaViewController.storyboard */ = {isa = PBXFileReference; fileEncoding = 4; lastKnownFileType = file.storyboard; path = SocialMediaViewController.storyboard; sourceTree = "<group>"; };
		18B7A10E1AF87A7100F8F4E5 /* FullPostViewController.h */ = {isa = PBXFileReference; fileEncoding = 4; lastKnownFileType = sourcecode.c.h; name = FullPostViewController.h; path = ../FullPostViewController.h; sourceTree = "<group>"; };
		18B7A10F1AF87A7100F8F4E5 /* FullPostViewController.m */ = {isa = PBXFileReference; fileEncoding = 4; lastKnownFileType = sourcecode.c.objc; name = FullPostViewController.m; path = ../FullPostViewController.m; sourceTree = "<group>"; };
		18B7A1101AF87A7100F8F4E5 /* FullPostViewController.xib */ = {isa = PBXFileReference; fileEncoding = 4; lastKnownFileType = file.xib; name = FullPostViewController.xib; path = ../FullPostViewController.xib; sourceTree = "<group>"; };
		18E403A61AE9A0B4001BFD95 /* 66.jpg */ = {isa = PBXFileReference; lastKnownFileType = image.jpeg; path = 66.jpg; sourceTree = "<group>"; };
		18E403AC1AE9F0E2001BFD95 /* PhotosViewController.storyboard */ = {isa = PBXFileReference; fileEncoding = 4; lastKnownFileType = file.storyboard; path = PhotosViewController.storyboard; sourceTree = "<group>"; };
		18E403AE1AEA13B1001BFD95 /* CustomCell.h */ = {isa = PBXFileReference; fileEncoding = 4; lastKnownFileType = sourcecode.c.h; path = CustomCell.h; sourceTree = "<group>"; };
		18E403AF1AEA13B1001BFD95 /* CustomCell.m */ = {isa = PBXFileReference; fileEncoding = 4; lastKnownFileType = sourcecode.c.objc; path = CustomCell.m; sourceTree = "<group>"; };
		18F8C8791AC72E7300A1E8D1 /* Twitter@2x.png */ = {isa = PBXFileReference; lastKnownFileType = image.png; name = "Twitter@2x.png"; path = "Images.xcassets/Twitter@2x.png"; sourceTree = "<group>"; };
		18F8C87B1AC7307100A1E8D1 /* Facebook@2x.png */ = {isa = PBXFileReference; lastKnownFileType = image.png; name = "Facebook@2x.png"; path = "Images.xcassets/Facebook@2x.png"; sourceTree = "<group>"; };
		18F8C87D1AC7307900A1E8D1 /* Instagram@2x.png */ = {isa = PBXFileReference; lastKnownFileType = image.png; name = "Instagram@2x.png"; path = "Images.xcassets/Instagram@2x.png"; sourceTree = "<group>"; };
		18F8C87F1AC7308300A1E8D1 /* YouTube@2x.png */ = {isa = PBXFileReference; lastKnownFileType = image.png; name = "YouTube@2x.png"; path = "Images.xcassets/YouTube@2x.png"; sourceTree = "<group>"; };
/* End PBXFileReference section */

/* Begin PBXFrameworksBuildPhase section */
		18626E301AA561F000CF3B7C /* Frameworks */ = {
			isa = PBXFrameworksBuildPhase;
			buildActionMask = 2147483647;
			files = (
			);
			runOnlyForDeploymentPostprocessing = 0;
		};
		18626E4C1AA561F000CF3B7C /* Frameworks */ = {
			isa = PBXFrameworksBuildPhase;
			buildActionMask = 2147483647;
			files = (
			);
			runOnlyForDeploymentPostprocessing = 0;
		};
/* End PBXFrameworksBuildPhase section */

/* Begin PBXGroup section */
		184648691AAD3FB100906C58 /* GetInvolved */ = {
			isa = PBXGroup;
			children = (
				184648661AAD3FA800906C58 /* GetInvolvedViewController.xib */,
				184648651AAD3FA800906C58 /* GetInvolvedViewController.m */,
				184648641AAD3FA800906C58 /* GetInvolvedViewController.h */,
			);
			name = GetInvolved;
			sourceTree = "<group>";
		};
		1851721E1AF1EF4600DB8163 /* LinkSocialMediaViewController */ = {
			isa = PBXGroup;
			children = (
				185172191AF1EF3E00DB8163 /* LinkSocialMediaViewController.h */,
				1851721A1AF1EF3E00DB8163 /* LinkSocialMediaViewController.m */,
				1851721B1AF1EF3E00DB8163 /* LinkSocialMediaViewController.xib */,
			);
			name = LinkSocialMediaViewController;
			sourceTree = "<group>";
		};
		18520CA31AE4602F004A0CFD /* AddPostViewController */ = {
			isa = PBXGroup;
			children = (
				18520CA41AE4606C004A0CFD /* AddPostViewController.h */,
				18520CA51AE4606C004A0CFD /* AddPostViewController.m */,
				18520CA61AE4606C004A0CFD /* AddPostViewController.xib */,
			);
			name = AddPostViewController;
			sourceTree = "<group>";
		};
		18626E2A1AA561F000CF3B7C = {
			isa = PBXGroup;
			children = (
				187CE5B61AF92055009EE8E3 /* blogPost.png */,
				187CE5B81AF92060009EE8E3 /* Music.png */,
				187CE5B91AF92060009EE8E3 /* photosPic.png */,
				187CE5BA1AF92060009EE8E3 /* schedulePic.png */,
				187CE5BB1AF92060009EE8E3 /* socialMedia.png */,
				187CE5C01AF92069009EE8E3 /* listenOnline.png */,
				187CE5C21AF92077009EE8E3 /* aboutBasic.png */,
				187CE5C41AF92088009EE8E3 /* getInvolved.png */,
				185BFE7C1AEB50230080007F /* 1.jpg */,
				185BFE7D1AEB50230080007F /* 2.jpg */,
				185BFE7E1AEB50230080007F /* 3.jpg */,
				185BFE7F1AEB50230080007F /* 4.jpg */,
				185BFE801AEB50230080007F /* 5.jpg */,
				185BFE811AEB50230080007F /* 6.jpg */,
				185BFE821AEB50230080007F /* 7.jpg */,
				185BFE831AEB50230080007F /* 8.jpg */,
				185BFE841AEB50230080007F /* 9.jpg */,
				185BFE851AEB50230080007F /* 10.jpg */,
				185BFE861AEB50230080007F /* 11.jpg */,
				185BFE871AEB50230080007F /* 12.jpg */,
				185BFE881AEB50230080007F /* 13.jpg */,
				185BFE891AEB50230080007F /* 14.jpg */,
				185BFE8A1AEB50230080007F /* 15.jpg */,
				185BFE8B1AEB50230080007F /* 16.jpg */,
				185BFE8C1AEB50230080007F /* 17.jpg */,
				185BFE8D1AEB50230080007F /* 18.jpg */,
				185BFE8E1AEB50230080007F /* 19.jpg */,
				185BFE8F1AEB50230080007F /* 20.jpg */,
				185BFE901AEB50230080007F /* 21.jpg */,
				185BFE911AEB50230080007F /* 22.jpg */,
				185BFE921AEB50230080007F /* 23.jpg */,
				185BFE931AEB50230080007F /* 24.jpg */,
				185BFE941AEB50230080007F /* 25.jpg */,
				185BFE951AEB50230080007F /* 26.jpg */,
				185BFE961AEB50230080007F /* 27.jpg */,
				185BFE971AEB50230080007F /* 28.jpg */,
				185BFE981AEB50230080007F /* 29.jpg */,
				185BFE991AEB50230080007F /* 30.jpg */,
				185BFE9A1AEB50230080007F /* 31.jpg */,
				185BFE9B1AEB50230080007F /* 32.jpg */,
				185BFE9C1AEB50230080007F /* 33.jpg */,
				185BFE9D1AEB50230080007F /* 34.jpg */,
				185BFE9E1AEB50230080007F /* 35.jpg */,
				185BFE9F1AEB50230080007F /* 36.jpg */,
				185BFEA01AEB50230080007F /* 37.jpg */,
				185BFEA11AEB50230080007F /* 38.jpg */,
				185BFEA21AEB50230080007F /* 39.jpg */,
				185BFEA31AEB50230080007F /* 40.jpg */,
				185BFEA41AEB50230080007F /* 41.jpg */,
				185BFEA51AEB50230080007F /* 42.jpg */,
				185BFEA61AEB50230080007F /* 43.jpg */,
				185BFEA71AEB50230080007F /* 44.jpg */,
				185BFEA81AEB50230080007F /* 45.jpg */,
				185BFEA91AEB50230080007F /* 46.jpg */,
				185BFEAA1AEB50230080007F /* 47.jpg */,
				185BFEAB1AEB50230080007F /* 48.jpg */,
				185BFEAC1AEB50230080007F /* 49.jpg */,
				185BFEAD1AEB50230080007F /* 50.jpg */,
				185BFEAE1AEB50230080007F /* 51.jpg */,
				185BFEAF1AEB50230080007F /* 52.jpg */,
				185BFEB01AEB50230080007F /* 53.jpg */,
				185BFEB11AEB50230080007F /* 54.jpg */,
				185BFEB21AEB50230080007F /* 55.jpg */,
				185BFEB31AEB50230080007F /* 56.jpg */,
				185BFEB41AEB50230080007F /* 57.jpg */,
				185BFEB51AEB50230080007F /* 58.jpg */,
				185BFEB61AEB50230080007F /* 59.jpg */,
				185BFEB71AEB50230080007F /* 60.jpg */,
				185BFEB81AEB50230080007F /* 61.jpg */,
				185BFEB91AEB50230080007F /* 62.jpg */,
				185BFEBA1AEB50230080007F /* 63.jpg */,
				185BFEBB1AEB50230080007F /* 64.jpg */,
				185BFEBC1AEB50230080007F /* 65.jpg */,
				185BFEBD1AEB50230080007F /* 66.jpg */,
				185BFEBE1AEB50230080007F /* 67.jpg */,
				185BFEBF1AEB50230080007F /* 68.jpg */,
				185BFEC01AEB50230080007F /* 69.jpg */,
				185BFEC11AEB50230080007F /* 70.jpg */,
				185BFEC21AEB50230080007F /* 71.jpg */,
				185BFEC31AEB50230080007F /* 72.jpg */,
				185BFEC41AEB50230080007F /* 73.jpg */,
				185BFEC51AEB50230080007F /* 74.jpg */,
				185BFEC61AEB50230080007F /* 75.jpg */,
				185BFEC71AEB50230080007F /* 76.jpg */,
				185BFEC81AEB50230080007F /* 77.jpg */,
				185BFEC91AEB50230080007F /* 78.jpg */,
				185BFECA1AEB50230080007F /* 79.jpg */,
				185BFECB1AEB50230080007F /* 80.jpg */,
				18626E351AA561F000CF3B7C /* BasicAtLang */,
				18626E521AA561F000CF3B7C /* BasicAtLangTests */,
				18626E341AA561F000CF3B7C /* Products */,
			);
			sourceTree = "<group>";
		};
		18626E341AA561F000CF3B7C /* Products */ = {
			isa = PBXGroup;
			children = (
				18626E331AA561F000CF3B7C /* BasicAtLang.app */,
				18626E4F1AA561F000CF3B7C /* BasicAtLangTests.xctest */,
			);
			name = Products;
			sourceTree = "<group>";
		};
		18626E351AA561F000CF3B7C /* BasicAtLang */ = {
			isa = PBXGroup;
			children = (
				18626E3A1AA561F000CF3B7C /* AppDelegate.h */,
				18626E3B1AA561F000CF3B7C /* AppDelegate.m */,
				18626E401AA561F000CF3B7C /* ViewController.h */,
				18626E411AA561F000CF3B7C /* ViewController.m */,
				18626E431AA561F000CF3B7C /* Main.storyboard */,
				1851721E1AF1EF4600DB8163 /* LinkSocialMediaViewController */,
				184648691AAD3FB100906C58 /* GetInvolved */,
				18626E741AA56F8C00CF3B7C /* Music */,
				18626E731AA56F8000CF3B7C /* Blog */,
				18626E721AA56F7200CF3B7C /* Photos */,
				18626E711AA56F5500CF3B7C /* ListenOnlineTeachings */,
				18626E701AA56F3E00CF3B7C /* SocialMedia */,
				18626E6F1AA56F0F00CF3B7C /* Schedule */,
				18626E641AA56EAE00CF3B7C /* About/Mission */,
				18520CA31AE4602F004A0CFD /* AddPostViewController */,
				189E04D51AEB1012003D8B6C /* FullPhotoViewController */,
				18B0BA7D1AEF176800434C2D /* Rechability */,
				18626E461AA561F000CF3B7C /* Images.xcassets */,
				18F8C87F1AC7308300A1E8D1 /* YouTube@2x.png */,
				18F8C87D1AC7307900A1E8D1 /* Instagram@2x.png */,
				18F8C87B1AC7307100A1E8D1 /* Facebook@2x.png */,
				18F8C8791AC72E7300A1E8D1 /* Twitter@2x.png */,
				18626E481AA561F000CF3B7C /* LaunchScreen.xib */,
				18626E3D1AA561F000CF3B7C /* BasicAtLang.xcdatamodeld */,
				18626E361AA561F000CF3B7C /* Supporting Files */,
			);
			path = BasicAtLang;
			sourceTree = "<group>";
		};
		18626E361AA561F000CF3B7C /* Supporting Files */ = {
			isa = PBXGroup;
			children = (
				18626E371AA561F000CF3B7C /* Info.plist */,
				18626E381AA561F000CF3B7C /* main.m */,
			);
			name = "Supporting Files";
			sourceTree = "<group>";
		};
		18626E521AA561F000CF3B7C /* BasicAtLangTests */ = {
			isa = PBXGroup;
			children = (
				18626E551AA561F000CF3B7C /* BasicAtLangTests.m */,
				18626E531AA561F000CF3B7C /* Supporting Files */,
			);
			path = BasicAtLangTests;
			sourceTree = "<group>";
		};
		18626E531AA561F000CF3B7C /* Supporting Files */ = {
			isa = PBXGroup;
			children = (
				18626E541AA561F000CF3B7C /* Info.plist */,
			);
			name = "Supporting Files";
			sourceTree = "<group>";
		};
		18626E641AA56EAE00CF3B7C /* About/Mission */ = {
			isa = PBXGroup;
			children = (
				18626E651AA56EEF00CF3B7C /* AboutMissionViewController.h */,
				18626E661AA56EEF00CF3B7C /* AboutMissionViewController.m */,
				18626E671AA56EEF00CF3B7C /* AboutMissionViewController.xib */,
			);
			name = About/Mission;
			sourceTree = "<group>";
		};
		18626E6F1AA56F0F00CF3B7C /* Schedule */ = {
			isa = PBXGroup;
			children = (
				18626E6A1AA56F0400CF3B7C /* ScheduleViewController.h */,
				18626E6B1AA56F0400CF3B7C /* ScheduleViewController.m */,
				18626E6C1AA56F0400CF3B7C /* ScheduleViewController.xib */,
			);
			name = Schedule;
			path = ..;
			sourceTree = "<group>";
		};
		18626E701AA56F3E00CF3B7C /* SocialMedia */ = {
			isa = PBXGroup;
			children = (
				18B7A10E1AF87A7100F8F4E5 /* FullPostViewController.h */,
				18B7A10F1AF87A7100F8F4E5 /* FullPostViewController.m */,
				18B7A1101AF87A7100F8F4E5 /* FullPostViewController.xib */,
				18626E751AA56FF300CF3B7C /* SocialMediaViewController.h */,
				18626E761AA56FF300CF3B7C /* SocialMediaViewController.m */,
				18B7A1061AF8462B00F8F4E5 /* CustomSocialMediaTableViewCell.h */,
				18B7A1071AF8462B00F8F4E5 /* CustomSocialMediaTableViewCell.m */,
				18B7A1091AF85AED00F8F4E5 /* SocialMediaViewController.storyboard */,
			);
			name = SocialMedia;
			sourceTree = "<group>";
		};
		18626E711AA56F5500CF3B7C /* ListenOnlineTeachings */ = {
			isa = PBXGroup;
			children = (
				18626E7A1AA5701B00CF3B7C /* ListenOnlineViewController.h */,
				18626E7B1AA5701B00CF3B7C /* ListenOnlineViewController.m */,
				18626E7C1AA5701B00CF3B7C /* ListenOnlineViewController.xib */,
			);
			name = ListenOnlineTeachings;
			sourceTree = "<group>";
		};
		18626E721AA56F7200CF3B7C /* Photos */ = {
			isa = PBXGroup;
			children = (
				18E403AE1AEA13B1001BFD95 /* CustomCell.h */,
				18E403AF1AEA13B1001BFD95 /* CustomCell.m */,
				18626E7F1AA5703D00CF3B7C /* PhotosViewController.h */,
				18626E801AA5703D00CF3B7C /* PhotosViewController.m */,
				18E403AC1AE9F0E2001BFD95 /* PhotosViewController.storyboard */,
				18E403A61AE9A0B4001BFD95 /* 66.jpg */,
			);
			name = Photos;
			sourceTree = "<group>";
		};
		18626E731AA56F8000CF3B7C /* Blog */ = {
			isa = PBXGroup;
			children = (
				18626E841AA5705000CF3B7C /* BlogViewController.h */,
				18626E851AA5705000CF3B7C /* BlogViewController.m */,
				189EC6741AED94BC00D11D8E /* BlogReaderViewController.h */,
				189EC6751AED94BC00D11D8E /* BlogReaderViewController.m */,
				189EC6761AED94BC00D11D8E /* BlogReaderViewController.xib */,
				186684A51AEC3A6D0032B360 /* BlogViewController.storyboard */,
				186684A21AEC277A0032B360 /* CustomTableViewCell.h */,
				186684A31AEC277A0032B360 /* CustomTableViewCell.m */,
			);
			name = Blog;
			sourceTree = "<group>";
		};
		18626E741AA56F8C00CF3B7C /* Music */ = {
			isa = PBXGroup;
			children = (
				18626E891AA5706000CF3B7C /* MusicViewController.h */,
				18626E8A1AA5706000CF3B7C /* MusicViewController.m */,
				18626E8B1AA5706000CF3B7C /* MusicViewController.xib */,
			);
			name = Music;
			sourceTree = "<group>";
		};
		189E04D51AEB1012003D8B6C /* FullPhotoViewController */ = {
			isa = PBXGroup;
			children = (
				189E04D01AEB1009003D8B6C /* FullPhotoViewController.h */,
				189E04D11AEB1009003D8B6C /* FullPhotoViewController.m */,
				189E04D21AEB1009003D8B6C /* FullPhotoViewController.xib */,
			);
			name = FullPhotoViewController;
			sourceTree = "<group>";
		};
		18B0BA7D1AEF176800434C2D /* Rechability */ = {
			isa = PBXGroup;
			children = (
				18B0BA731AEF174E00434C2D /* Reachability.h */,
				18B0BA741AEF174E00434C2D /* Reachability.m */,
				18B0BA751AEF174E00434C2D /* APLViewController.h */,
				18B0BA761AEF174E00434C2D /* APLViewController.m */,
				18B0BA771AEF174E00434C2D /* APLAppDelegate.h */,
				18B0BA781AEF174E00434C2D /* APLAppDelegate.m */,
			);
			name = Rechability;
			sourceTree = "<group>";
		};
/* End PBXGroup section */

/* Begin PBXNativeTarget section */
		18626E321AA561F000CF3B7C /* BasicAtLang */ = {
			isa = PBXNativeTarget;
			buildConfigurationList = 18626E591AA561F000CF3B7C /* Build configuration list for PBXNativeTarget "BasicAtLang" */;
			buildPhases = (
				18626E2F1AA561F000CF3B7C /* Sources */,
				18626E301AA561F000CF3B7C /* Frameworks */,
				18626E311AA561F000CF3B7C /* Resources */,
			);
			buildRules = (
			);
			dependencies = (
			);
			name = BasicAtLang;
			productName = BasicAtLang;
			productReference = 18626E331AA561F000CF3B7C /* BasicAtLang.app */;
			productType = "com.apple.product-type.application";
		};
		18626E4E1AA561F000CF3B7C /* BasicAtLangTests */ = {
			isa = PBXNativeTarget;
			buildConfigurationList = 18626E5C1AA561F000CF3B7C /* Build configuration list for PBXNativeTarget "BasicAtLangTests" */;
			buildPhases = (
				18626E4B1AA561F000CF3B7C /* Sources */,
				18626E4C1AA561F000CF3B7C /* Frameworks */,
				18626E4D1AA561F000CF3B7C /* Resources */,
			);
			buildRules = (
			);
			dependencies = (
				18626E511AA561F000CF3B7C /* PBXTargetDependency */,
			);
			name = BasicAtLangTests;
			productName = BasicAtLangTests;
			productReference = 18626E4F1AA561F000CF3B7C /* BasicAtLangTests.xctest */;
			productType = "com.apple.product-type.bundle.unit-test";
		};
/* End PBXNativeTarget section */

/* Begin PBXProject section */
		18626E2B1AA561F000CF3B7C /* Project object */ = {
			isa = PBXProject;
			attributes = {
				LastUpgradeCheck = 0610;
				ORGANIZATIONNAME = EthanWestering;
				TargetAttributes = {
					18626E321AA561F000CF3B7C = {
						CreatedOnToolsVersion = 6.1.1;
					};
					18626E4E1AA561F000CF3B7C = {
						CreatedOnToolsVersion = 6.1.1;
						TestTargetID = 18626E321AA561F000CF3B7C;
					};
				};
			};
			buildConfigurationList = 18626E2E1AA561F000CF3B7C /* Build configuration list for PBXProject "BasicAtLang" */;
			compatibilityVersion = "Xcode 3.2";
			developmentRegion = English;
			hasScannedForEncodings = 0;
			knownRegions = (
				en,
				Base,
			);
			mainGroup = 18626E2A1AA561F000CF3B7C;
			productRefGroup = 18626E341AA561F000CF3B7C /* Products */;
			projectDirPath = "";
			projectRoot = "";
			targets = (
				18626E321AA561F000CF3B7C /* BasicAtLang */,
				18626E4E1AA561F000CF3B7C /* BasicAtLangTests */,
			);
		};
/* End PBXProject section */

/* Begin PBXResourcesBuildPhase section */
		18626E311AA561F000CF3B7C /* Resources */ = {
			isa = PBXResourcesBuildPhase;
			buildActionMask = 2147483647;
			files = (
				185BFF141AEB50230080007F /* 73.jpg in Resources */,
				185BFEFA1AEB50230080007F /* 47.jpg in Resources */,
				185BFEED1AEB50230080007F /* 34.jpg in Resources */,
				185BFEEC1AEB50230080007F /* 33.jpg in Resources */,
				185BFF0F1AEB50230080007F /* 68.jpg in Resources */,
				185BFEF61AEB50230080007F /* 43.jpg in Resources */,
				185BFEE21AEB50230080007F /* 23.jpg in Resources */,
				185BFF061AEB50230080007F /* 59.jpg in Resources */,
				185BFECF1AEB50230080007F /* 4.jpg in Resources */,
				187CE5C11AF92069009EE8E3 /* listenOnline.png in Resources */,
				18E403AD1AE9F0E2001BFD95 /* PhotosViewController.storyboard in Resources */,
				187CE5C51AF92088009EE8E3 /* getInvolved.png in Resources */,
				185BFEFE1AEB50230080007F /* 51.jpg in Resources */,
				186684A61AEC3A6D0032B360 /* BlogViewController.storyboard in Resources */,
				185BFECC1AEB50230080007F /* 1.jpg in Resources */,
				185BFEEF1AEB50230080007F /* 36.jpg in Resources */,
				185BFECD1AEB50230080007F /* 2.jpg in Resources */,
				18F8C87C1AC7307100A1E8D1 /* Facebook@2x.png in Resources */,
				18626E451AA561F000CF3B7C /* Main.storyboard in Resources */,
				187CE5BD1AF92060009EE8E3 /* photosPic.png in Resources */,
				185BFF1A1AEB50230080007F /* 79.jpg in Resources */,
				185BFEF81AEB50230080007F /* 45.jpg in Resources */,
				185BFF0B1AEB50230080007F /* 64.jpg in Resources */,
				185BFF171AEB50230080007F /* 76.jpg in Resources */,
				185BFEFC1AEB50230080007F /* 49.jpg in Resources */,
				18626E7E1AA5701B00CF3B7C /* ListenOnlineViewController.xib in Resources */,
				18626E8D1AA5706000CF3B7C /* MusicViewController.xib in Resources */,
				185BFED61AEB50230080007F /* 11.jpg in Resources */,
				185BFF051AEB50230080007F /* 58.jpg in Resources */,
				185BFEE61AEB50230080007F /* 27.jpg in Resources */,
				18626E4A1AA561F000CF3B7C /* LaunchScreen.xib in Resources */,
				18626E6E1AA56F0400CF3B7C /* ScheduleViewController.xib in Resources */,
				18F8C87A1AC72E7300A1E8D1 /* Twitter@2x.png in Resources */,
				185BFEF71AEB50230080007F /* 44.jpg in Resources */,
				185BFF031AEB50230080007F /* 56.jpg in Resources */,
				185BFF041AEB50230080007F /* 57.jpg in Resources */,
				185BFEF21AEB50230080007F /* 39.jpg in Resources */,
				185BFF0E1AEB50230080007F /* 67.jpg in Resources */,
				185BFEE01AEB50230080007F /* 21.jpg in Resources */,
				185BFED81AEB50230080007F /* 13.jpg in Resources */,
				185BFEDD1AEB50230080007F /* 18.jpg in Resources */,
				185BFF151AEB50230080007F /* 74.jpg in Resources */,
				185BFEE51AEB50230080007F /* 26.jpg in Resources */,
				189EC6781AED94BC00D11D8E /* BlogReaderViewController.xib in Resources */,
				185BFEDB1AEB50230080007F /* 16.jpg in Resources */,
				185BFEDC1AEB50230080007F /* 17.jpg in Resources */,
				185BFEF11AEB50230080007F /* 38.jpg in Resources */,
				18B7A10A1AF85AED00F8F4E5 /* SocialMediaViewController.storyboard in Resources */,
				185BFEE71AEB50230080007F /* 28.jpg in Resources */,
				185BFF001AEB50230080007F /* 53.jpg in Resources */,
				185BFED21AEB50230080007F /* 7.jpg in Resources */,
				187CE5C31AF92077009EE8E3 /* aboutBasic.png in Resources */,
				18B7A1121AF87A7100F8F4E5 /* FullPostViewController.xib in Resources */,
				185BFF071AEB50230080007F /* 60.jpg in Resources */,
				185BFEF91AEB50230080007F /* 46.jpg in Resources */,
				185BFF021AEB50230080007F /* 55.jpg in Resources */,
				185BFF0C1AEB50230080007F /* 65.jpg in Resources */,
				18520CA81AE4606C004A0CFD /* AddPostViewController.xib in Resources */,
				185BFEE91AEB50230080007F /* 30.jpg in Resources */,
				185BFECE1AEB50230080007F /* 3.jpg in Resources */,
				185BFF091AEB50230080007F /* 62.jpg in Resources */,
				189E04D41AEB1009003D8B6C /* FullPhotoViewController.xib in Resources */,
				185BFF101AEB50230080007F /* 69.jpg in Resources */,
				185BFF111AEB50230080007F /* 70.jpg in Resources */,
				185BFF1B1AEB50230080007F /* 80.jpg in Resources */,
				185BFEE81AEB50230080007F /* 29.jpg in Resources */,
				185BFF161AEB50230080007F /* 75.jpg in Resources */,
				185BFEFF1AEB50230080007F /* 52.jpg in Resources */,
				18626E471AA561F000CF3B7C /* Images.xcassets in Resources */,
				187CE5BE1AF92060009EE8E3 /* schedulePic.png in Resources */,
				18E403A71AE9A0B4001BFD95 /* 66.jpg in Resources */,
				185BFEF51AEB50230080007F /* 42.jpg in Resources */,
				185BFEE41AEB50230080007F /* 25.jpg in Resources */,
				185BFED41AEB50230080007F /* 9.jpg in Resources */,
				185BFEF01AEB50230080007F /* 37.jpg in Resources */,
				185BFF081AEB50230080007F /* 61.jpg in Resources */,
				185BFEE11AEB50230080007F /* 22.jpg in Resources */,
				185BFED71AEB50230080007F /* 12.jpg in Resources */,
				185BFF191AEB50230080007F /* 78.jpg in Resources */,
				185BFED31AEB50230080007F /* 8.jpg in Resources */,
				18F8C87E1AC7307900A1E8D1 /* Instagram@2x.png in Resources */,
				185BFED11AEB50230080007F /* 6.jpg in Resources */,
				185BFED51AEB50230080007F /* 10.jpg in Resources */,
				185BFEEA1AEB50230080007F /* 31.jpg in Resources */,
				185BFED91AEB50230080007F /* 14.jpg in Resources */,
				185BFEEE1AEB50230080007F /* 35.jpg in Resources */,
				185BFF181AEB50230080007F /* 77.jpg in Resources */,
				185BFEFD1AEB50230080007F /* 50.jpg in Resources */,
				185BFEFB1AEB50230080007F /* 48.jpg in Resources */,
				185BFF0D1AEB50230080007F /* 66.jpg in Resources */,
				185BFEEB1AEB50230080007F /* 32.jpg in Resources */,
				184648681AAD3FA800906C58 /* GetInvolvedViewController.xib in Resources */,
				185BFEF41AEB50230080007F /* 41.jpg in Resources */,
				1851721D1AF1EF3E00DB8163 /* LinkSocialMediaViewController.xib in Resources */,
				185BFEDE1AEB50230080007F /* 19.jpg in Resources */,
				185BFED01AEB50230080007F /* 5.jpg in Resources */,
				187CE5BF1AF92060009EE8E3 /* socialMedia.png in Resources */,
				187CE5B71AF92055009EE8E3 /* blogPost.png in Resources */,
				18F8C8801AC7308300A1E8D1 /* YouTube@2x.png in Resources */,
				185BFF131AEB50230080007F /* 72.jpg in Resources */,
				185BFEE31AEB50230080007F /* 24.jpg in Resources */,
				185BFF121AEB50230080007F /* 71.jpg in Resources */,
				185BFF0A1AEB50230080007F /* 63.jpg in Resources */,
				187CE5BC1AF92060009EE8E3 /* Music.png in Resources */,
				18626E691AA56EEF00CF3B7C /* AboutMissionViewController.xib in Resources */,
				185BFEDA1AEB50230080007F /* 15.jpg in Resources */,
				185BFEDF1AEB50230080007F /* 20.jpg in Resources */,
				185BFF011AEB50230080007F /* 54.jpg in Resources */,
				185BFEF31AEB50230080007F /* 40.jpg in Resources */,
			);
			runOnlyForDeploymentPostprocessing = 0;
		};
		18626E4D1AA561F000CF3B7C /* Resources */ = {
			isa = PBXResourcesBuildPhase;
			buildActionMask = 2147483647;
			files = (
			);
			runOnlyForDeploymentPostprocessing = 0;
		};
/* End PBXResourcesBuildPhase section */

/* Begin PBXSourcesBuildPhase section */
		18626E2F1AA561F000CF3B7C /* Sources */ = {
			isa = PBXSourcesBuildPhase;
			buildActionMask = 2147483647;
			files = (
				18B7A1111AF87A7100F8F4E5 /* FullPostViewController.m in Sources */,
				18B0BA7B1AEF174E00434C2D /* APLAppDelegate.m in Sources */,
				18626E3C1AA561F000CF3B7C /* AppDelegate.m in Sources */,
				18B7A1081AF8462B00F8F4E5 /* CustomSocialMediaTableViewCell.m in Sources */,
				18B0BA7A1AEF174E00434C2D /* APLViewController.m in Sources */,
				18626E781AA56FF300CF3B7C /* SocialMediaViewController.m in Sources */,
				18626E871AA5705000CF3B7C /* BlogViewController.m in Sources */,
				18626E7D1AA5701B00CF3B7C /* ListenOnlineViewController.m in Sources */,
				18E403B01AEA13B1001BFD95 /* CustomCell.m in Sources */,
				184648671AAD3FA800906C58 /* GetInvolvedViewController.m in Sources */,
				18626E6D1AA56F0400CF3B7C /* ScheduleViewController.m in Sources */,
				18520CA71AE4606C004A0CFD /* AddPostViewController.m in Sources */,
				18626E681AA56EEF00CF3B7C /* AboutMissionViewController.m in Sources */,
				18626E391AA561F000CF3B7C /* main.m in Sources */,
				189EC6771AED94BC00D11D8E /* BlogReaderViewController.m in Sources */,
				18626E421AA561F000CF3B7C /* ViewController.m in Sources */,
				18626E8C1AA5706000CF3B7C /* MusicViewController.m in Sources */,
				189E04D31AEB1009003D8B6C /* FullPhotoViewController.m in Sources */,
				18626E821AA5703D00CF3B7C /* PhotosViewController.m in Sources */,
				186684A41AEC277A0032B360 /* CustomTableViewCell.m in Sources */,
				18B0BA791AEF174E00434C2D /* Reachability.m in Sources */,
				1851721C1AF1EF3E00DB8163 /* LinkSocialMediaViewController.m in Sources */,
				18626E3F1AA561F000CF3B7C /* BasicAtLang.xcdatamodeld in Sources */,
			);
			runOnlyForDeploymentPostprocessing = 0;
		};
		18626E4B1AA561F000CF3B7C /* Sources */ = {
			isa = PBXSourcesBuildPhase;
			buildActionMask = 2147483647;
			files = (
				18626E561AA561F000CF3B7C /* BasicAtLangTests.m in Sources */,
			);
			runOnlyForDeploymentPostprocessing = 0;
		};
/* End PBXSourcesBuildPhase section */

/* Begin PBXTargetDependency section */
		18626E511AA561F000CF3B7C /* PBXTargetDependency */ = {
			isa = PBXTargetDependency;
			target = 18626E321AA561F000CF3B7C /* BasicAtLang */;
			targetProxy = 18626E501AA561F000CF3B7C /* PBXContainerItemProxy */;
		};
/* End PBXTargetDependency section */

/* Begin PBXVariantGroup section */
		18626E431AA561F000CF3B7C /* Main.storyboard */ = {
			isa = PBXVariantGroup;
			children = (
				18626E441AA561F000CF3B7C /* Base */,
			);
			name = Main.storyboard;
			sourceTree = "<group>";
		};
		18626E481AA561F000CF3B7C /* LaunchScreen.xib */ = {
			isa = PBXVariantGroup;
			children = (
				18626E491AA561F000CF3B7C /* Base */,
			);
			name = LaunchScreen.xib;
			sourceTree = "<group>";
		};
/* End PBXVariantGroup section */

/* Begin XCBuildConfiguration section */
		18626E571AA561F000CF3B7C /* Debug */ = {
			isa = XCBuildConfiguration;
			buildSettings = {
				ALWAYS_SEARCH_USER_PATHS = NO;
				CLANG_CXX_LANGUAGE_STANDARD = "gnu++0x";
				CLANG_CXX_LIBRARY = "libc++";
				CLANG_ENABLE_MODULES = YES;
				CLANG_ENABLE_OBJC_ARC = YES;
				CLANG_WARN_BOOL_CONVERSION = YES;
				CLANG_WARN_CONSTANT_CONVERSION = YES;
				CLANG_WARN_DIRECT_OBJC_ISA_USAGE = YES_ERROR;
				CLANG_WARN_EMPTY_BODY = YES;
				CLANG_WARN_ENUM_CONVERSION = YES;
				CLANG_WARN_INT_CONVERSION = YES;
				CLANG_WARN_OBJC_ROOT_CLASS = YES_ERROR;
				CLANG_WARN_UNREACHABLE_CODE = YES;
				CLANG_WARN__DUPLICATE_METHOD_MATCH = YES;
				"CODE_SIGN_IDENTITY[sdk=iphoneos*]" = "iPhone Developer";
				COPY_PHASE_STRIP = NO;
				ENABLE_STRICT_OBJC_MSGSEND = YES;
				GCC_C_LANGUAGE_STANDARD = gnu99;
				GCC_DYNAMIC_NO_PIC = NO;
				GCC_OPTIMIZATION_LEVEL = 0;
				GCC_PREPROCESSOR_DEFINITIONS = (
					"DEBUG=1",
					"$(inherited)",
				);
				GCC_SYMBOLS_PRIVATE_EXTERN = NO;
				GCC_WARN_64_TO_32_BIT_CONVERSION = YES;
				GCC_WARN_ABOUT_RETURN_TYPE = YES_ERROR;
				GCC_WARN_UNDECLARED_SELECTOR = YES;
				GCC_WARN_UNINITIALIZED_AUTOS = YES_AGGRESSIVE;
				GCC_WARN_UNUSED_FUNCTION = YES;
				GCC_WARN_UNUSED_VARIABLE = YES;
				IPHONEOS_DEPLOYMENT_TARGET = 8.1;
				MTL_ENABLE_DEBUG_INFO = YES;
				ONLY_ACTIVE_ARCH = YES;
				SDKROOT = iphoneos;
			};
			name = Debug;
		};
		18626E581AA561F000CF3B7C /* Release */ = {
			isa = XCBuildConfiguration;
			buildSettings = {
				ALWAYS_SEARCH_USER_PATHS = NO;
				CLANG_CXX_LANGUAGE_STANDARD = "gnu++0x";
				CLANG_CXX_LIBRARY = "libc++";
				CLANG_ENABLE_MODULES = YES;
				CLANG_ENABLE_OBJC_ARC = YES;
				CLANG_WARN_BOOL_CONVERSION = YES;
				CLANG_WARN_CONSTANT_CONVERSION = YES;
				CLANG_WARN_DIRECT_OBJC_ISA_USAGE = YES_ERROR;
				CLANG_WARN_EMPTY_BODY = YES;
				CLANG_WARN_ENUM_CONVERSION = YES;
				CLANG_WARN_INT_CONVERSION = YES;
				CLANG_WARN_OBJC_ROOT_CLASS = YES_ERROR;
				CLANG_WARN_UNREACHABLE_CODE = YES;
				CLANG_WARN__DUPLICATE_METHOD_MATCH = YES;
				"CODE_SIGN_IDENTITY[sdk=iphoneos*]" = "iPhone Developer";
				COPY_PHASE_STRIP = YES;
				ENABLE_NS_ASSERTIONS = NO;
				ENABLE_STRICT_OBJC_MSGSEND = YES;
				GCC_C_LANGUAGE_STANDARD = gnu99;
				GCC_WARN_64_TO_32_BIT_CONVERSION = YES;
				GCC_WARN_ABOUT_RETURN_TYPE = YES_ERROR;
				GCC_WARN_UNDECLARED_SELECTOR = YES;
				GCC_WARN_UNINITIALIZED_AUTOS = YES_AGGRESSIVE;
				GCC_WARN_UNUSED_FUNCTION = YES;
				GCC_WARN_UNUSED_VARIABLE = YES;
				IPHONEOS_DEPLOYMENT_TARGET = 8.1;
				MTL_ENABLE_DEBUG_INFO = NO;
				SDKROOT = iphoneos;
				VALIDATE_PRODUCT = YES;
			};
			name = Release;
		};
		18626E5A1AA561F000CF3B7C /* Debug */ = {
			isa = XCBuildConfiguration;
			buildSettings = {
				ASSETCATALOG_COMPILER_APPICON_NAME = AppIcon;
				INFOPLIST_FILE = BasicAtLang/Info.plist;
				LD_RUNPATH_SEARCH_PATHS = "$(inherited) @executable_path/Frameworks";
				PRODUCT_NAME = "$(TARGET_NAME)";
			};
			name = Debug;
		};
		18626E5B1AA561F000CF3B7C /* Release */ = {
			isa = XCBuildConfiguration;
			buildSettings = {
				ASSETCATALOG_COMPILER_APPICON_NAME = AppIcon;
				INFOPLIST_FILE = BasicAtLang/Info.plist;
				LD_RUNPATH_SEARCH_PATHS = "$(inherited) @executable_path/Frameworks";
				PRODUCT_NAME = "$(TARGET_NAME)";
			};
			name = Release;
		};
		18626E5D1AA561F000CF3B7C /* Debug */ = {
			isa = XCBuildConfiguration;
			buildSettings = {
				BUNDLE_LOADER = "$(TEST_HOST)";
				FRAMEWORK_SEARCH_PATHS = (
					"$(SDKROOT)/Developer/Library/Frameworks",
					"$(inherited)",
				);
				GCC_PREPROCESSOR_DEFINITIONS = (
					"DEBUG=1",
					"$(inherited)",
				);
				INFOPLIST_FILE = BasicAtLangTests/Info.plist;
				LD_RUNPATH_SEARCH_PATHS = "$(inherited) @executable_path/Frameworks @loader_path/Frameworks";
				PRODUCT_NAME = "$(TARGET_NAME)";
				TEST_HOST = "$(BUILT_PRODUCTS_DIR)/BasicAtLang.app/BasicAtLang";
			};
			name = Debug;
		};
		18626E5E1AA561F000CF3B7C /* Release */ = {
			isa = XCBuildConfiguration;
			buildSettings = {
				BUNDLE_LOADER = "$(TEST_HOST)";
				FRAMEWORK_SEARCH_PATHS = (
					"$(SDKROOT)/Developer/Library/Frameworks",
					"$(inherited)",
				);
				INFOPLIST_FILE = BasicAtLangTests/Info.plist;
				LD_RUNPATH_SEARCH_PATHS = "$(inherited) @executable_path/Frameworks @loader_path/Frameworks";
				PRODUCT_NAME = "$(TARGET_NAME)";
				TEST_HOST = "$(BUILT_PRODUCTS_DIR)/BasicAtLang.app/BasicAtLang";
			};
			name = Release;
		};
/* End XCBuildConfiguration section */

/* Begin XCConfigurationList section */
		18626E2E1AA561F000CF3B7C /* Build configuration list for PBXProject "BasicAtLang" */ = {
			isa = XCConfigurationList;
			buildConfigurations = (
				18626E571AA561F000CF3B7C /* Debug */,
				18626E581AA561F000CF3B7C /* Release */,
			);
			defaultConfigurationIsVisible = 0;
			defaultConfigurationName = Release;
		};
		18626E591AA561F000CF3B7C /* Build configuration list for PBXNativeTarget "BasicAtLang" */ = {
			isa = XCConfigurationList;
			buildConfigurations = (
				18626E5A1AA561F000CF3B7C /* Debug */,
				18626E5B1AA561F000CF3B7C /* Release */,
			);
			defaultConfigurationIsVisible = 0;
			defaultConfigurationName = Release;
		};
		18626E5C1AA561F000CF3B7C /* Build configuration list for PBXNativeTarget "BasicAtLangTests" */ = {
			isa = XCConfigurationList;
			buildConfigurations = (
				18626E5D1AA561F000CF3B7C /* Debug */,
				18626E5E1AA561F000CF3B7C /* Release */,
			);
			defaultConfigurationIsVisible = 0;
			defaultConfigurationName = Release;
		};
/* End XCConfigurationList section */

/* Begin XCVersionGroup section */
		18626E3D1AA561F000CF3B7C /* BasicAtLang.xcdatamodeld */ = {
			isa = XCVersionGroup;
			children = (
				18626E3E1AA561F000CF3B7C /* BasicAtLang.xcdatamodel */,
			);
			currentVersion = 18626E3E1AA561F000CF3B7C /* BasicAtLang.xcdatamodel */;
			path = BasicAtLang.xcdatamodeld;
			sourceTree = "<group>";
			versionGroupType = wrapper.xcdatamodel;
		};
/* End XCVersionGroup section */
	};
	rootObject = 18626E2B1AA561F000CF3B7C /* Project object */;
}
